// !$*UTF8*$!
{
	archiveVersion = 1;
	classes = {
	};
	objectVersion = 51;
	objects = {

/* Begin PBXBuildFile section */
		9BBB4A086B4DFCED34000E79 /* libPods-QCDemo.a in Frameworks */ = {isa = PBXBuildFile; fileRef = 693145D77CF87148BA2BDB51 /* libPods-QCDemo.a */; };
		CC4E12DF2536A96500337586 /* XXPageTabItemLable.m in Sources */ = {isa = PBXBuildFile; fileRef = CC4E12DB2536A96500337586 /* XXPageTabItemLable.m */; };
		CC4E12E02536A96500337586 /* XXPageTabView.m in Sources */ = {isa = PBXBuildFile; fileRef = CC4E12DC2536A96500337586 /* XXPageTabView.m */; };
		CC4E12EA2536AB1800337586 /* QCMapInstance.m in Sources */ = {isa = PBXBuildFile; fileRef = CC4E12E92536AB1800337586 /* QCMapInstance.m */; };
		CC4E13042536C5FC00337586 /* QCLoginViewController.m in Sources */ = {isa = PBXBuildFile; fileRef = CC4E13032536C5FC00337586 /* QCLoginViewController.m */; };
		CC4E13282536D1DF00337586 /* CoreGraphics.framework in Frameworks */ = {isa = PBXBuildFile; fileRef = CC4E13272536D1DF00337586 /* CoreGraphics.framework */; };
		CC4E132A2536D1F100337586 /* WebKit.framework in Frameworks */ = {isa = PBXBuildFile; fileRef = CC4E13292536D1F100337586 /* WebKit.framework */; };
		CC4E132C2536D23E00337586 /* SystemConfiguration.framework in Frameworks */ = {isa = PBXBuildFile; fileRef = CC4E132B2536D23E00337586 /* SystemConfiguration.framework */; };
		CC4E132E2536D24400337586 /* CoreTelephony.framework in Frameworks */ = {isa = PBXBuildFile; fileRef = CC4E132D2536D24400337586 /* CoreTelephony.framework */; };
		CC4E132F2536D24D00337586 /* libsqlite3.tbd in Frameworks */ = {isa = PBXBuildFile; fileRef = CC4E13222536D1CB00337586 /* libsqlite3.tbd */; };
		CC4E13352536D26A00337586 /* libz.tbd in Frameworks */ = {isa = PBXBuildFile; fileRef = CC4E13342536D25F00337586 /* libz.tbd */; };
		CC4E13392536D27500337586 /* libc++.tbd in Frameworks */ = {isa = PBXBuildFile; fileRef = CC4E13332536D25500337586 /* libc++.tbd */; };
		CC4E13602536E69400337586 /* QCHtmlUrlViewController.m in Sources */ = {isa = PBXBuildFile; fileRef = CC4E135F2536E69300337586 /* QCHtmlUrlViewController.m */; };
		CC4E13C825381AC800337586 /* QCCodeViewController.m in Sources */ = {isa = PBXBuildFile; fileRef = CC4E13C725381AC800337586 /* QCCodeViewController.m */; };
		CC4E13CF2538445400337586 /* QCAccountViewController.m in Sources */ = {isa = PBXBuildFile; fileRef = CC4E13CE2538445400337586 /* QCAccountViewController.m */; };
		CC4E13D625384B3E00337586 /* QCPhoneLoginViewController.m in Sources */ = {isa = PBXBuildFile; fileRef = CC4E13D525384B3E00337586 /* QCPhoneLoginViewController.m */; };
		CC4E13DD25384F2A00337586 /* QCBindingViewController.m in Sources */ = {isa = PBXBuildFile; fileRef = CC4E13DC25384F2A00337586 /* QCBindingViewController.m */; };
		CC4E13E42538510A00337586 /* QCDisableViewController.m in Sources */ = {isa = PBXBuildFile; fileRef = CC4E13E32538510A00337586 /* QCDisableViewController.m */; };
		CC4E13EB2538513F00337586 /* QCTitlesViewController.m in Sources */ = {isa = PBXBuildFile; fileRef = CC4E13EA2538513F00337586 /* QCTitlesViewController.m */; };
		CC82621D25394013001C3AD9 /* QCPersonHeaderView.m in Sources */ = {isa = PBXBuildFile; fileRef = CC82621C25394013001C3AD9 /* QCPersonHeaderView.m */; };
		CC82622325397F49001C3AD9 /* QCPersonCell.m in Sources */ = {isa = PBXBuildFile; fileRef = CC82622225397F49001C3AD9 /* QCPersonCell.m */; };
		CC82622A25398402001C3AD9 /* QCWalletViewController.m in Sources */ = {isa = PBXBuildFile; fileRef = CC82622925398402001C3AD9 /* QCWalletViewController.m */; };
		CC8262312539926C001C3AD9 /* QCPaymentsViewController.m in Sources */ = {isa = PBXBuildFile; fileRef = CC8262302539926C001C3AD9 /* QCPaymentsViewController.m */; };
		CC82623A2539A190001C3AD9 /* QCPaymentsCell.m in Sources */ = {isa = PBXBuildFile; fileRef = CC8262392539A190001C3AD9 /* QCPaymentsCell.m */; };
		CC826241253D2254001C3AD9 /* QCPaymentsDetailsViewController.m in Sources */ = {isa = PBXBuildFile; fileRef = CC826240253D2254001C3AD9 /* QCPaymentsDetailsViewController.m */; };
		CC82624B253D2E88001C3AD9 /* QCEnvelopeViewController.m in Sources */ = {isa = PBXBuildFile; fileRef = CC82624A253D2E88001C3AD9 /* QCEnvelopeViewController.m */; };
		CC826254253D348F001C3AD9 /* QCEnvelopCell.m in Sources */ = {isa = PBXBuildFile; fileRef = CC826253253D348F001C3AD9 /* QCEnvelopCell.m */; };
		CC82625B253D36E7001C3AD9 /* QCBankViewController.m in Sources */ = {isa = PBXBuildFile; fileRef = CC82625A253D36E7001C3AD9 /* QCBankViewController.m */; };
		CC826264253D3856001C3AD9 /* QCBankCell.m in Sources */ = {isa = PBXBuildFile; fileRef = CC826263253D3856001C3AD9 /* QCBankCell.m */; };
		CC82626B253D4119001C3AD9 /* QCAddBankViewController.m in Sources */ = {isa = PBXBuildFile; fileRef = CC82626A253D4119001C3AD9 /* QCAddBankViewController.m */; };
		CC826275253D68EA001C3AD9 /* QCCertificationViewController.m in Sources */ = {isa = PBXBuildFile; fileRef = CC826274253D68E9001C3AD9 /* QCCertificationViewController.m */; };
		CC82627C253D71B8001C3AD9 /* QCSetPasswordViewController.m in Sources */ = {isa = PBXBuildFile; fileRef = CC82627B253D71B8001C3AD9 /* QCSetPasswordViewController.m */; };
		CC826283253D7A67001C3AD9 /* QCCertificationPasswordViewController.m in Sources */ = {isa = PBXBuildFile; fileRef = CC826282253D7A66001C3AD9 /* QCCertificationPasswordViewController.m */; };
		CC82628D253D82DA001C3AD9 /* QCOpenViewController.m in Sources */ = {isa = PBXBuildFile; fileRef = CC82628C253D82DA001C3AD9 /* QCOpenViewController.m */; };
		CC826297253D89A6001C3AD9 /* QCRealnameViewController.m in Sources */ = {isa = PBXBuildFile; fileRef = CC826296253D89A6001C3AD9 /* QCRealnameViewController.m */; };
		CC82629E253D8C4A001C3AD9 /* QCRealnamedViewController.m in Sources */ = {isa = PBXBuildFile; fileRef = CC82629D253D8C4A001C3AD9 /* QCRealnamedViewController.m */; };
		CC8262AD253E8947001C3AD9 /* QCMessageCell.m in Sources */ = {isa = PBXBuildFile; fileRef = CC8262AC253E8947001C3AD9 /* QCMessageCell.m */; };
		CC8262B4253E9131001C3AD9 /* QCFunctionViewController.m in Sources */ = {isa = PBXBuildFile; fileRef = CC8262B3253E9131001C3AD9 /* QCFunctionViewController.m */; };
		CC8262BA253E951A001C3AD9 /* QCFunctionCell.m in Sources */ = {isa = PBXBuildFile; fileRef = CC8262B9253E951A001C3AD9 /* QCFunctionCell.m */; };
		CC8262C1253EB90D001C3AD9 /* QCAddFriendsViewController.m in Sources */ = {isa = PBXBuildFile; fileRef = CC8262C0253EB90D001C3AD9 /* QCAddFriendsViewController.m */; };
		CC8262C8253ED511001C3AD9 /* QCGroupViewController.m in Sources */ = {isa = PBXBuildFile; fileRef = CC8262C7253ED511001C3AD9 /* QCGroupViewController.m */; };
		CC8262D1253ED832001C3AD9 /* QCGroupCell.m in Sources */ = {isa = PBXBuildFile; fileRef = CC8262D0253ED832001C3AD9 /* QCGroupCell.m */; };
		CC8262D8253EE129001C3AD9 /* QCChatViewController.m in Sources */ = {isa = PBXBuildFile; fileRef = CC8262D7253EE129001C3AD9 /* QCChatViewController.m */; };
		CC8262DE253EE151001C3AD9 /* QCChatCell.m in Sources */ = {isa = PBXBuildFile; fileRef = CC8262DD253EE151001C3AD9 /* QCChatCell.m */; };
		CC8262E6253EE4D3001C3AD9 /* QCSelfTextCell.m in Sources */ = {isa = PBXBuildFile; fileRef = CC8262E5253EE4D3001C3AD9 /* QCSelfTextCell.m */; };
		CC8262ED253EE50A001C3AD9 /* QCTimeCell.m in Sources */ = {isa = PBXBuildFile; fileRef = CC8262EC253EE50A001C3AD9 /* QCTimeCell.m */; };
		CC8262F6253EE55D001C3AD9 /* QCInvitationCell.m in Sources */ = {isa = PBXBuildFile; fileRef = CC8262F5253EE55D001C3AD9 /* QCInvitationCell.m */; };
		CC8262FC253EE57C001C3AD9 /* QCSaveCell.m in Sources */ = {isa = PBXBuildFile; fileRef = CC8262FB253EE57C001C3AD9 /* QCSaveCell.m */; };
		CC826308253EE65E001C3AD9 /* QCSelfVoiceCell.m in Sources */ = {isa = PBXBuildFile; fileRef = CC826307253EE65E001C3AD9 /* QCSelfVoiceCell.m */; };
		CC826311253EE689001C3AD9 /* QCSelfPictureCell.m in Sources */ = {isa = PBXBuildFile; fileRef = CC826310253EE689001C3AD9 /* QCSelfPictureCell.m */; };
		CC826317253EE727001C3AD9 /* QCSelfEnvelopeCell.m in Sources */ = {isa = PBXBuildFile; fileRef = CC826316253EE727001C3AD9 /* QCSelfEnvelopeCell.m */; };
		CC82631D253EE74B001C3AD9 /* QCSelfCardCell.m in Sources */ = {isa = PBXBuildFile; fileRef = CC82631C253EE74B001C3AD9 /* QCSelfCardCell.m */; };
		CC826323253EE768001C3AD9 /* QCOtherTextCell.m in Sources */ = {isa = PBXBuildFile; fileRef = CC826322253EE768001C3AD9 /* QCOtherTextCell.m */; };
		CC82632A253EE786001C3AD9 /* QCOtherVoiceCell.m in Sources */ = {isa = PBXBuildFile; fileRef = CC826329253EE786001C3AD9 /* QCOtherVoiceCell.m */; };
		CC826330253EE79A001C3AD9 /* QCOtherPictureCell.m in Sources */ = {isa = PBXBuildFile; fileRef = CC82632F253EE79A001C3AD9 /* QCOtherPictureCell.m */; };
		CC826336253EE7AB001C3AD9 /* QCOtherEnvelopeCell.m in Sources */ = {isa = PBXBuildFile; fileRef = CC826335253EE7AB001C3AD9 /* QCOtherEnvelopeCell.m */; };
		CC82633C253EE7BE001C3AD9 /* QCOtherCardCell.m in Sources */ = {isa = PBXBuildFile; fileRef = CC82633B253EE7BE001C3AD9 /* QCOtherCardCell.m */; };
		CC826359253FE84B001C3AD9 /* QCWebSocket.m in Sources */ = {isa = PBXBuildFile; fileRef = CC826358253FE84B001C3AD9 /* QCWebSocket.m */; };
		CC82637225402772001C3AD9 /* QCGroupDataViewController.m in Sources */ = {isa = PBXBuildFile; fileRef = CC82637125402772001C3AD9 /* QCGroupDataViewController.m */; };
		CCBE60FA2535508A00311269 /* AppDelegate.m in Sources */ = {isa = PBXBuildFile; fileRef = CCBE60F92535508A00311269 /* AppDelegate.m */; };
		CCBE60FD2535508A00311269 /* SceneDelegate.m in Sources */ = {isa = PBXBuildFile; fileRef = CCBE60FC2535508A00311269 /* SceneDelegate.m */; };
		CCBE61032535508A00311269 /* Main.storyboard in Resources */ = {isa = PBXBuildFile; fileRef = CCBE61012535508A00311269 /* Main.storyboard */; };
		CCBE61062535508A00311269 /* QCDemo.xcdatamodeld in Sources */ = {isa = PBXBuildFile; fileRef = CCBE61042535508A00311269 /* QCDemo.xcdatamodeld */; };
		CCBE61082535508C00311269 /* Assets.xcassets in Resources */ = {isa = PBXBuildFile; fileRef = CCBE61072535508C00311269 /* Assets.xcassets */; };
		CCBE610B2535508C00311269 /* LaunchScreen.storyboard in Resources */ = {isa = PBXBuildFile; fileRef = CCBE61092535508C00311269 /* LaunchScreen.storyboard */; };
		CCBE610E2535508C00311269 /* main.m in Sources */ = {isa = PBXBuildFile; fileRef = CCBE610D2535508C00311269 /* main.m */; };
		CCBE61182535508C00311269 /* QCDemoTests.m in Sources */ = {isa = PBXBuildFile; fileRef = CCBE61172535508C00311269 /* QCDemoTests.m */; };
		CCBE61232535508C00311269 /* QCDemoUITests.m in Sources */ = {isa = PBXBuildFile; fileRef = CCBE61222535508C00311269 /* QCDemoUITests.m */; };
		CCBE613D2535515600311269 /* QCTarBarController.m in Sources */ = {isa = PBXBuildFile; fileRef = CCBE61342535515600311269 /* QCTarBarController.m */; };
		CCBE613E2535515600311269 /* QCAFNetWorking.m in Sources */ = {isa = PBXBuildFile; fileRef = CCBE61382535515600311269 /* QCAFNetWorking.m */; };
		CCBE613F2535515600311269 /* QCClassFunction.m in Sources */ = {isa = PBXBuildFile; fileRef = CCBE613C2535515600311269 /* QCClassFunction.m */; };
		CCD509A425369C21002CECEF /* BaseNavigationController.m in Sources */ = {isa = PBXBuildFile; fileRef = CCD509A125369C21002CECEF /* BaseNavigationController.m */; };
		CCD509A525369C21002CECEF /* QCNavigationBar.m in Sources */ = {isa = PBXBuildFile; fileRef = CCD509A325369C21002CECEF /* QCNavigationBar.m */; };
		CCD509AF25369D4E002CECEF /* QCHomeViewController.m in Sources */ = {isa = PBXBuildFile; fileRef = CCD509AE25369D4E002CECEF /* QCHomeViewController.m */; };
		CCD509BD2536A0DC002CECEF /* QCReleaseViewController.m in Sources */ = {isa = PBXBuildFile; fileRef = CCD509BC2536A0DC002CECEF /* QCReleaseViewController.m */; };
		CCD509C72536A191002CECEF /* QCMessageViewController.m in Sources */ = {isa = PBXBuildFile; fileRef = CCD509C62536A191002CECEF /* QCMessageViewController.m */; };
		CCD509D02536A19E002CECEF /* QCBookViewController.m in Sources */ = {isa = PBXBuildFile; fileRef = CCD509CF2536A19E002CECEF /* QCBookViewController.m */; };
		CCD509D62536A1B3002CECEF /* QCPersonViewController.m in Sources */ = {isa = PBXBuildFile; fileRef = CCD509D52536A1B3002CECEF /* QCPersonViewController.m */; };
/* End PBXBuildFile section */

/* Begin PBXContainerItemProxy section */
		CCBE61142535508C00311269 /* PBXContainerItemProxy */ = {
			isa = PBXContainerItemProxy;
			containerPortal = CCBE60ED2535508A00311269 /* Project object */;
			proxyType = 1;
			remoteGlobalIDString = CCBE60F42535508A00311269;
			remoteInfo = QCDemo;
		};
		CCBE611F2535508C00311269 /* PBXContainerItemProxy */ = {
			isa = PBXContainerItemProxy;
			containerPortal = CCBE60ED2535508A00311269 /* Project object */;
			proxyType = 1;
			remoteGlobalIDString = CCBE60F42535508A00311269;
			remoteInfo = QCDemo;
		};
/* End PBXContainerItemProxy section */

/* Begin PBXFileReference section */
		693145D77CF87148BA2BDB51 /* libPods-QCDemo.a */ = {isa = PBXFileReference; explicitFileType = archive.ar; includeInIndex = 0; path = "libPods-QCDemo.a"; sourceTree = BUILT_PRODUCTS_DIR; };
		895FC554312154FE77B8A8BD /* Pods-QCDemo.debug.xcconfig */ = {isa = PBXFileReference; includeInIndex = 1; lastKnownFileType = text.xcconfig; name = "Pods-QCDemo.debug.xcconfig"; path = "Pods/Target Support Files/Pods-QCDemo/Pods-QCDemo.debug.xcconfig"; sourceTree = "<group>"; };
		C793F687E901964F9C932165 /* Pods-QCDemo.release.xcconfig */ = {isa = PBXFileReference; includeInIndex = 1; lastKnownFileType = text.xcconfig; name = "Pods-QCDemo.release.xcconfig"; path = "Pods/Target Support Files/Pods-QCDemo/Pods-QCDemo.release.xcconfig"; sourceTree = "<group>"; };
		CC4E12DB2536A96500337586 /* XXPageTabItemLable.m */ = {isa = PBXFileReference; fileEncoding = 4; lastKnownFileType = sourcecode.c.objc; path = XXPageTabItemLable.m; sourceTree = "<group>"; };
		CC4E12DC2536A96500337586 /* XXPageTabView.m */ = {isa = PBXFileReference; fileEncoding = 4; lastKnownFileType = sourcecode.c.objc; path = XXPageTabView.m; sourceTree = "<group>"; };
		CC4E12DD2536A96500337586 /* XXPageTabView.h */ = {isa = PBXFileReference; fileEncoding = 4; lastKnownFileType = sourcecode.c.h; path = XXPageTabView.h; sourceTree = "<group>"; };
		CC4E12DE2536A96500337586 /* XXPageTabItemLable.h */ = {isa = PBXFileReference; fileEncoding = 4; lastKnownFileType = sourcecode.c.h; path = XXPageTabItemLable.h; sourceTree = "<group>"; };
		CC4E12E82536AB1800337586 /* QCMapInstance.h */ = {isa = PBXFileReference; fileEncoding = 4; lastKnownFileType = sourcecode.c.h; path = QCMapInstance.h; sourceTree = "<group>"; };
		CC4E12E92536AB1800337586 /* QCMapInstance.m */ = {isa = PBXFileReference; fileEncoding = 4; lastKnownFileType = sourcecode.c.objc; path = QCMapInstance.m; sourceTree = "<group>"; };
		CC4E13022536C5FC00337586 /* QCLoginViewController.h */ = {isa = PBXFileReference; lastKnownFileType = sourcecode.c.h; path = QCLoginViewController.h; sourceTree = "<group>"; };
		CC4E13032536C5FC00337586 /* QCLoginViewController.m */ = {isa = PBXFileReference; lastKnownFileType = sourcecode.c.objc; path = QCLoginViewController.m; sourceTree = "<group>"; };
		CC4E13222536D1CB00337586 /* libsqlite3.tbd */ = {isa = PBXFileReference; lastKnownFileType = "sourcecode.text-based-dylib-definition"; name = libsqlite3.tbd; path = usr/lib/libsqlite3.tbd; sourceTree = SDKROOT; };
		CC4E13272536D1DF00337586 /* CoreGraphics.framework */ = {isa = PBXFileReference; lastKnownFileType = wrapper.framework; name = CoreGraphics.framework; path = System/Library/Frameworks/CoreGraphics.framework; sourceTree = SDKROOT; };
		CC4E13292536D1F100337586 /* WebKit.framework */ = {isa = PBXFileReference; lastKnownFileType = wrapper.framework; name = WebKit.framework; path = System/Library/Frameworks/WebKit.framework; sourceTree = SDKROOT; };
		CC4E132B2536D23E00337586 /* SystemConfiguration.framework */ = {isa = PBXFileReference; lastKnownFileType = wrapper.framework; name = SystemConfiguration.framework; path = System/Library/Frameworks/SystemConfiguration.framework; sourceTree = SDKROOT; };
		CC4E132D2536D24400337586 /* CoreTelephony.framework */ = {isa = PBXFileReference; lastKnownFileType = wrapper.framework; name = CoreTelephony.framework; path = System/Library/Frameworks/CoreTelephony.framework; sourceTree = SDKROOT; };
		CC4E13332536D25500337586 /* libc++.tbd */ = {isa = PBXFileReference; lastKnownFileType = "sourcecode.text-based-dylib-definition"; name = "libc++.tbd"; path = "usr/lib/libc++.tbd"; sourceTree = SDKROOT; };
		CC4E13342536D25F00337586 /* libz.tbd */ = {isa = PBXFileReference; lastKnownFileType = "sourcecode.text-based-dylib-definition"; name = libz.tbd; path = usr/lib/libz.tbd; sourceTree = SDKROOT; };
		CC4E135E2536E69300337586 /* QCHtmlUrlViewController.h */ = {isa = PBXFileReference; fileEncoding = 4; lastKnownFileType = sourcecode.c.h; path = QCHtmlUrlViewController.h; sourceTree = "<group>"; };
		CC4E135F2536E69300337586 /* QCHtmlUrlViewController.m */ = {isa = PBXFileReference; fileEncoding = 4; lastKnownFileType = sourcecode.c.objc; path = QCHtmlUrlViewController.m; sourceTree = "<group>"; };
		CC4E136E2536ED2D00337586 /* JavaScriptCore.framework */ = {isa = PBXFileReference; lastKnownFileType = wrapper.framework; name = JavaScriptCore.framework; path = System/Library/Frameworks/JavaScriptCore.framework; sourceTree = SDKROOT; };
		CC4E13C625381AC800337586 /* QCCodeViewController.h */ = {isa = PBXFileReference; lastKnownFileType = sourcecode.c.h; path = QCCodeViewController.h; sourceTree = "<group>"; };
		CC4E13C725381AC800337586 /* QCCodeViewController.m */ = {isa = PBXFileReference; lastKnownFileType = sourcecode.c.objc; path = QCCodeViewController.m; sourceTree = "<group>"; };
		CC4E13CD2538445400337586 /* QCAccountViewController.h */ = {isa = PBXFileReference; lastKnownFileType = sourcecode.c.h; path = QCAccountViewController.h; sourceTree = "<group>"; };
		CC4E13CE2538445400337586 /* QCAccountViewController.m */ = {isa = PBXFileReference; lastKnownFileType = sourcecode.c.objc; path = QCAccountViewController.m; sourceTree = "<group>"; };
		CC4E13D425384B3E00337586 /* QCPhoneLoginViewController.h */ = {isa = PBXFileReference; lastKnownFileType = sourcecode.c.h; path = QCPhoneLoginViewController.h; sourceTree = "<group>"; };
		CC4E13D525384B3E00337586 /* QCPhoneLoginViewController.m */ = {isa = PBXFileReference; lastKnownFileType = sourcecode.c.objc; path = QCPhoneLoginViewController.m; sourceTree = "<group>"; };
		CC4E13DB25384F2A00337586 /* QCBindingViewController.h */ = {isa = PBXFileReference; lastKnownFileType = sourcecode.c.h; path = QCBindingViewController.h; sourceTree = "<group>"; };
		CC4E13DC25384F2A00337586 /* QCBindingViewController.m */ = {isa = PBXFileReference; lastKnownFileType = sourcecode.c.objc; path = QCBindingViewController.m; sourceTree = "<group>"; };
		CC4E13E22538510A00337586 /* QCDisableViewController.h */ = {isa = PBXFileReference; lastKnownFileType = sourcecode.c.h; path = QCDisableViewController.h; sourceTree = "<group>"; };
		CC4E13E32538510A00337586 /* QCDisableViewController.m */ = {isa = PBXFileReference; lastKnownFileType = sourcecode.c.objc; path = QCDisableViewController.m; sourceTree = "<group>"; };
		CC4E13E92538513F00337586 /* QCTitlesViewController.h */ = {isa = PBXFileReference; lastKnownFileType = sourcecode.c.h; path = QCTitlesViewController.h; sourceTree = "<group>"; };
		CC4E13EA2538513F00337586 /* QCTitlesViewController.m */ = {isa = PBXFileReference; lastKnownFileType = sourcecode.c.objc; path = QCTitlesViewController.m; sourceTree = "<group>"; };
		CC82621B25394013001C3AD9 /* QCPersonHeaderView.h */ = {isa = PBXFileReference; lastKnownFileType = sourcecode.c.h; path = QCPersonHeaderView.h; sourceTree = "<group>"; };
		CC82621C25394013001C3AD9 /* QCPersonHeaderView.m */ = {isa = PBXFileReference; lastKnownFileType = sourcecode.c.objc; path = QCPersonHeaderView.m; sourceTree = "<group>"; };
		CC82622125397F49001C3AD9 /* QCPersonCell.h */ = {isa = PBXFileReference; lastKnownFileType = sourcecode.c.h; path = QCPersonCell.h; sourceTree = "<group>"; };
		CC82622225397F49001C3AD9 /* QCPersonCell.m */ = {isa = PBXFileReference; lastKnownFileType = sourcecode.c.objc; path = QCPersonCell.m; sourceTree = "<group>"; };
		CC82622825398402001C3AD9 /* QCWalletViewController.h */ = {isa = PBXFileReference; lastKnownFileType = sourcecode.c.h; path = QCWalletViewController.h; sourceTree = "<group>"; };
		CC82622925398402001C3AD9 /* QCWalletViewController.m */ = {isa = PBXFileReference; lastKnownFileType = sourcecode.c.objc; path = QCWalletViewController.m; sourceTree = "<group>"; };
		CC82622F2539926C001C3AD9 /* QCPaymentsViewController.h */ = {isa = PBXFileReference; lastKnownFileType = sourcecode.c.h; path = QCPaymentsViewController.h; sourceTree = "<group>"; };
		CC8262302539926C001C3AD9 /* QCPaymentsViewController.m */ = {isa = PBXFileReference; lastKnownFileType = sourcecode.c.objc; path = QCPaymentsViewController.m; sourceTree = "<group>"; };
		CC8262382539A190001C3AD9 /* QCPaymentsCell.h */ = {isa = PBXFileReference; lastKnownFileType = sourcecode.c.h; path = QCPaymentsCell.h; sourceTree = "<group>"; };
		CC8262392539A190001C3AD9 /* QCPaymentsCell.m */ = {isa = PBXFileReference; lastKnownFileType = sourcecode.c.objc; path = QCPaymentsCell.m; sourceTree = "<group>"; };
		CC82623F253D2254001C3AD9 /* QCPaymentsDetailsViewController.h */ = {isa = PBXFileReference; lastKnownFileType = sourcecode.c.h; name = QCPaymentsDetailsViewController.h; path = QCDemo/QCClasses/QCPaymentsDetailsViewController.h; sourceTree = SOURCE_ROOT; };
		CC826240253D2254001C3AD9 /* QCPaymentsDetailsViewController.m */ = {isa = PBXFileReference; lastKnownFileType = sourcecode.c.objc; name = QCPaymentsDetailsViewController.m; path = QCDemo/QCClasses/QCPaymentsDetailsViewController.m; sourceTree = SOURCE_ROOT; };
		CC826249253D2E88001C3AD9 /* QCEnvelopeViewController.h */ = {isa = PBXFileReference; lastKnownFileType = sourcecode.c.h; path = QCEnvelopeViewController.h; sourceTree = "<group>"; };
		CC82624A253D2E88001C3AD9 /* QCEnvelopeViewController.m */ = {isa = PBXFileReference; lastKnownFileType = sourcecode.c.objc; path = QCEnvelopeViewController.m; sourceTree = "<group>"; };
		CC826252253D348F001C3AD9 /* QCEnvelopCell.h */ = {isa = PBXFileReference; lastKnownFileType = sourcecode.c.h; path = QCEnvelopCell.h; sourceTree = "<group>"; };
		CC826253253D348F001C3AD9 /* QCEnvelopCell.m */ = {isa = PBXFileReference; lastKnownFileType = sourcecode.c.objc; path = QCEnvelopCell.m; sourceTree = "<group>"; };
		CC826259253D36E7001C3AD9 /* QCBankViewController.h */ = {isa = PBXFileReference; lastKnownFileType = sourcecode.c.h; path = QCBankViewController.h; sourceTree = "<group>"; };
		CC82625A253D36E7001C3AD9 /* QCBankViewController.m */ = {isa = PBXFileReference; lastKnownFileType = sourcecode.c.objc; path = QCBankViewController.m; sourceTree = "<group>"; };
		CC826262253D3856001C3AD9 /* QCBankCell.h */ = {isa = PBXFileReference; lastKnownFileType = sourcecode.c.h; path = QCBankCell.h; sourceTree = "<group>"; };
		CC826263253D3856001C3AD9 /* QCBankCell.m */ = {isa = PBXFileReference; lastKnownFileType = sourcecode.c.objc; path = QCBankCell.m; sourceTree = "<group>"; };
		CC826269253D4119001C3AD9 /* QCAddBankViewController.h */ = {isa = PBXFileReference; lastKnownFileType = sourcecode.c.h; path = QCAddBankViewController.h; sourceTree = "<group>"; };
		CC82626A253D4119001C3AD9 /* QCAddBankViewController.m */ = {isa = PBXFileReference; lastKnownFileType = sourcecode.c.objc; path = QCAddBankViewController.m; sourceTree = "<group>"; };
		CC826273253D68E9001C3AD9 /* QCCertificationViewController.h */ = {isa = PBXFileReference; lastKnownFileType = sourcecode.c.h; path = QCCertificationViewController.h; sourceTree = "<group>"; };
		CC826274253D68E9001C3AD9 /* QCCertificationViewController.m */ = {isa = PBXFileReference; lastKnownFileType = sourcecode.c.objc; path = QCCertificationViewController.m; sourceTree = "<group>"; };
		CC82627A253D71B8001C3AD9 /* QCSetPasswordViewController.h */ = {isa = PBXFileReference; lastKnownFileType = sourcecode.c.h; path = QCSetPasswordViewController.h; sourceTree = "<group>"; };
		CC82627B253D71B8001C3AD9 /* QCSetPasswordViewController.m */ = {isa = PBXFileReference; lastKnownFileType = sourcecode.c.objc; path = QCSetPasswordViewController.m; sourceTree = "<group>"; };
		CC826281253D7A66001C3AD9 /* QCCertificationPasswordViewController.h */ = {isa = PBXFileReference; lastKnownFileType = sourcecode.c.h; path = QCCertificationPasswordViewController.h; sourceTree = "<group>"; };
		CC826282253D7A66001C3AD9 /* QCCertificationPasswordViewController.m */ = {isa = PBXFileReference; lastKnownFileType = sourcecode.c.objc; path = QCCertificationPasswordViewController.m; sourceTree = "<group>"; };
		CC82628B253D82DA001C3AD9 /* QCOpenViewController.h */ = {isa = PBXFileReference; lastKnownFileType = sourcecode.c.h; path = QCOpenViewController.h; sourceTree = "<group>"; };
		CC82628C253D82DA001C3AD9 /* QCOpenViewController.m */ = {isa = PBXFileReference; lastKnownFileType = sourcecode.c.objc; path = QCOpenViewController.m; sourceTree = "<group>"; };
		CC826295253D89A6001C3AD9 /* QCRealnameViewController.h */ = {isa = PBXFileReference; lastKnownFileType = sourcecode.c.h; path = QCRealnameViewController.h; sourceTree = "<group>"; };
		CC826296253D89A6001C3AD9 /* QCRealnameViewController.m */ = {isa = PBXFileReference; lastKnownFileType = sourcecode.c.objc; path = QCRealnameViewController.m; sourceTree = "<group>"; };
		CC82629C253D8C4A001C3AD9 /* QCRealnamedViewController.h */ = {isa = PBXFileReference; lastKnownFileType = sourcecode.c.h; path = QCRealnamedViewController.h; sourceTree = "<group>"; };
		CC82629D253D8C4A001C3AD9 /* QCRealnamedViewController.m */ = {isa = PBXFileReference; lastKnownFileType = sourcecode.c.objc; path = QCRealnamedViewController.m; sourceTree = "<group>"; };
		CC8262AB253E8947001C3AD9 /* QCMessageCell.h */ = {isa = PBXFileReference; lastKnownFileType = sourcecode.c.h; path = QCMessageCell.h; sourceTree = "<group>"; };
		CC8262AC253E8947001C3AD9 /* QCMessageCell.m */ = {isa = PBXFileReference; lastKnownFileType = sourcecode.c.objc; path = QCMessageCell.m; sourceTree = "<group>"; };
		CC8262B2253E9131001C3AD9 /* QCFunctionViewController.h */ = {isa = PBXFileReference; lastKnownFileType = sourcecode.c.h; path = QCFunctionViewController.h; sourceTree = "<group>"; };
		CC8262B3253E9131001C3AD9 /* QCFunctionViewController.m */ = {isa = PBXFileReference; lastKnownFileType = sourcecode.c.objc; path = QCFunctionViewController.m; sourceTree = "<group>"; };
		CC8262B8253E951A001C3AD9 /* QCFunctionCell.h */ = {isa = PBXFileReference; lastKnownFileType = sourcecode.c.h; path = QCFunctionCell.h; sourceTree = "<group>"; };
		CC8262B9253E951A001C3AD9 /* QCFunctionCell.m */ = {isa = PBXFileReference; lastKnownFileType = sourcecode.c.objc; path = QCFunctionCell.m; sourceTree = "<group>"; };
		CC8262BF253EB90D001C3AD9 /* QCAddFriendsViewController.h */ = {isa = PBXFileReference; lastKnownFileType = sourcecode.c.h; path = QCAddFriendsViewController.h; sourceTree = "<group>"; };
		CC8262C0253EB90D001C3AD9 /* QCAddFriendsViewController.m */ = {isa = PBXFileReference; lastKnownFileType = sourcecode.c.objc; path = QCAddFriendsViewController.m; sourceTree = "<group>"; };
		CC8262C6253ED511001C3AD9 /* QCGroupViewController.h */ = {isa = PBXFileReference; lastKnownFileType = sourcecode.c.h; path = QCGroupViewController.h; sourceTree = "<group>"; };
		CC8262C7253ED511001C3AD9 /* QCGroupViewController.m */ = {isa = PBXFileReference; lastKnownFileType = sourcecode.c.objc; path = QCGroupViewController.m; sourceTree = "<group>"; };
		CC8262CF253ED832001C3AD9 /* QCGroupCell.h */ = {isa = PBXFileReference; lastKnownFileType = sourcecode.c.h; path = QCGroupCell.h; sourceTree = "<group>"; };
		CC8262D0253ED832001C3AD9 /* QCGroupCell.m */ = {isa = PBXFileReference; lastKnownFileType = sourcecode.c.objc; path = QCGroupCell.m; sourceTree = "<group>"; };
		CC8262D6253EE129001C3AD9 /* QCChatViewController.h */ = {isa = PBXFileReference; lastKnownFileType = sourcecode.c.h; path = QCChatViewController.h; sourceTree = "<group>"; };
		CC8262D7253EE129001C3AD9 /* QCChatViewController.m */ = {isa = PBXFileReference; lastKnownFileType = sourcecode.c.objc; path = QCChatViewController.m; sourceTree = "<group>"; };
		CC8262DC253EE151001C3AD9 /* QCChatCell.h */ = {isa = PBXFileReference; lastKnownFileType = sourcecode.c.h; path = QCChatCell.h; sourceTree = "<group>"; };
		CC8262DD253EE151001C3AD9 /* QCChatCell.m */ = {isa = PBXFileReference; lastKnownFileType = sourcecode.c.objc; path = QCChatCell.m; sourceTree = "<group>"; };
		CC8262E4253EE4D3001C3AD9 /* QCSelfTextCell.h */ = {isa = PBXFileReference; lastKnownFileType = sourcecode.c.h; path = QCSelfTextCell.h; sourceTree = "<group>"; };
		CC8262E5253EE4D3001C3AD9 /* QCSelfTextCell.m */ = {isa = PBXFileReference; lastKnownFileType = sourcecode.c.objc; path = QCSelfTextCell.m; sourceTree = "<group>"; };
		CC8262EB253EE50A001C3AD9 /* QCTimeCell.h */ = {isa = PBXFileReference; lastKnownFileType = sourcecode.c.h; path = QCTimeCell.h; sourceTree = "<group>"; };
		CC8262EC253EE50A001C3AD9 /* QCTimeCell.m */ = {isa = PBXFileReference; lastKnownFileType = sourcecode.c.objc; path = QCTimeCell.m; sourceTree = "<group>"; };
		CC8262F4253EE55D001C3AD9 /* QCInvitationCell.h */ = {isa = PBXFileReference; lastKnownFileType = sourcecode.c.h; path = QCInvitationCell.h; sourceTree = "<group>"; };
		CC8262F5253EE55D001C3AD9 /* QCInvitationCell.m */ = {isa = PBXFileReference; lastKnownFileType = sourcecode.c.objc; path = QCInvitationCell.m; sourceTree = "<group>"; };
		CC8262FA253EE57C001C3AD9 /* QCSaveCell.h */ = {isa = PBXFileReference; lastKnownFileType = sourcecode.c.h; path = QCSaveCell.h; sourceTree = "<group>"; };
		CC8262FB253EE57C001C3AD9 /* QCSaveCell.m */ = {isa = PBXFileReference; lastKnownFileType = sourcecode.c.objc; path = QCSaveCell.m; sourceTree = "<group>"; };
		CC826306253EE65E001C3AD9 /* QCSelfVoiceCell.h */ = {isa = PBXFileReference; lastKnownFileType = sourcecode.c.h; path = QCSelfVoiceCell.h; sourceTree = "<group>"; };
		CC826307253EE65E001C3AD9 /* QCSelfVoiceCell.m */ = {isa = PBXFileReference; lastKnownFileType = sourcecode.c.objc; path = QCSelfVoiceCell.m; sourceTree = "<group>"; };
		CC82630F253EE689001C3AD9 /* QCSelfPictureCell.h */ = {isa = PBXFileReference; lastKnownFileType = sourcecode.c.h; path = QCSelfPictureCell.h; sourceTree = "<group>"; };
		CC826310253EE689001C3AD9 /* QCSelfPictureCell.m */ = {isa = PBXFileReference; lastKnownFileType = sourcecode.c.objc; path = QCSelfPictureCell.m; sourceTree = "<group>"; };
		CC826315253EE727001C3AD9 /* QCSelfEnvelopeCell.h */ = {isa = PBXFileReference; lastKnownFileType = sourcecode.c.h; path = QCSelfEnvelopeCell.h; sourceTree = "<group>"; };
		CC826316253EE727001C3AD9 /* QCSelfEnvelopeCell.m */ = {isa = PBXFileReference; lastKnownFileType = sourcecode.c.objc; path = QCSelfEnvelopeCell.m; sourceTree = "<group>"; };
		CC82631B253EE74B001C3AD9 /* QCSelfCardCell.h */ = {isa = PBXFileReference; lastKnownFileType = sourcecode.c.h; path = QCSelfCardCell.h; sourceTree = "<group>"; };
		CC82631C253EE74B001C3AD9 /* QCSelfCardCell.m */ = {isa = PBXFileReference; lastKnownFileType = sourcecode.c.objc; path = QCSelfCardCell.m; sourceTree = "<group>"; };
		CC826321253EE768001C3AD9 /* QCOtherTextCell.h */ = {isa = PBXFileReference; lastKnownFileType = sourcecode.c.h; path = QCOtherTextCell.h; sourceTree = "<group>"; };
		CC826322253EE768001C3AD9 /* QCOtherTextCell.m */ = {isa = PBXFileReference; lastKnownFileType = sourcecode.c.objc; path = QCOtherTextCell.m; sourceTree = "<group>"; };
		CC826328253EE786001C3AD9 /* QCOtherVoiceCell.h */ = {isa = PBXFileReference; lastKnownFileType = sourcecode.c.h; path = QCOtherVoiceCell.h; sourceTree = "<group>"; };
		CC826329253EE786001C3AD9 /* QCOtherVoiceCell.m */ = {isa = PBXFileReference; lastKnownFileType = sourcecode.c.objc; path = QCOtherVoiceCell.m; sourceTree = "<group>"; };
		CC82632E253EE79A001C3AD9 /* QCOtherPictureCell.h */ = {isa = PBXFileReference; lastKnownFileType = sourcecode.c.h; path = QCOtherPictureCell.h; sourceTree = "<group>"; };
		CC82632F253EE79A001C3AD9 /* QCOtherPictureCell.m */ = {isa = PBXFileReference; lastKnownFileType = sourcecode.c.objc; path = QCOtherPictureCell.m; sourceTree = "<group>"; };
		CC826334253EE7AB001C3AD9 /* QCOtherEnvelopeCell.h */ = {isa = PBXFileReference; lastKnownFileType = sourcecode.c.h; path = QCOtherEnvelopeCell.h; sourceTree = "<group>"; };
		CC826335253EE7AB001C3AD9 /* QCOtherEnvelopeCell.m */ = {isa = PBXFileReference; lastKnownFileType = sourcecode.c.objc; path = QCOtherEnvelopeCell.m; sourceTree = "<group>"; };
		CC82633A253EE7BE001C3AD9 /* QCOtherCardCell.h */ = {isa = PBXFileReference; lastKnownFileType = sourcecode.c.h; path = QCOtherCardCell.h; sourceTree = "<group>"; };
		CC82633B253EE7BE001C3AD9 /* QCOtherCardCell.m */ = {isa = PBXFileReference; lastKnownFileType = sourcecode.c.objc; path = QCOtherCardCell.m; sourceTree = "<group>"; };
		CC826357253FE84B001C3AD9 /* QCWebSocket.h */ = {isa = PBXFileReference; lastKnownFileType = sourcecode.c.h; path = QCWebSocket.h; sourceTree = "<group>"; };
		CC826358253FE84B001C3AD9 /* QCWebSocket.m */ = {isa = PBXFileReference; lastKnownFileType = sourcecode.c.objc; path = QCWebSocket.m; sourceTree = "<group>"; };
		CC82637025402772001C3AD9 /* QCGroupDataViewController.h */ = {isa = PBXFileReference; lastKnownFileType = sourcecode.c.h; path = QCGroupDataViewController.h; sourceTree = "<group>"; };
		CC82637125402772001C3AD9 /* QCGroupDataViewController.m */ = {isa = PBXFileReference; lastKnownFileType = sourcecode.c.objc; path = QCGroupDataViewController.m; sourceTree = "<group>"; };
		CCBE60F52535508A00311269 /* QCDemo.app */ = {isa = PBXFileReference; explicitFileType = wrapper.application; includeInIndex = 0; path = QCDemo.app; sourceTree = BUILT_PRODUCTS_DIR; };
		CCBE60F82535508A00311269 /* AppDelegate.h */ = {isa = PBXFileReference; lastKnownFileType = sourcecode.c.h; path = AppDelegate.h; sourceTree = "<group>"; };
		CCBE60F92535508A00311269 /* AppDelegate.m */ = {isa = PBXFileReference; lastKnownFileType = sourcecode.c.objc; path = AppDelegate.m; sourceTree = "<group>"; };
		CCBE60FB2535508A00311269 /* SceneDelegate.h */ = {isa = PBXFileReference; lastKnownFileType = sourcecode.c.h; path = SceneDelegate.h; sourceTree = "<group>"; };
		CCBE60FC2535508A00311269 /* SceneDelegate.m */ = {isa = PBXFileReference; lastKnownFileType = sourcecode.c.objc; path = SceneDelegate.m; sourceTree = "<group>"; };
		CCBE61022535508A00311269 /* Base */ = {isa = PBXFileReference; lastKnownFileType = file.storyboard; name = Base; path = Base.lproj/Main.storyboard; sourceTree = "<group>"; };
		CCBE61052535508A00311269 /* QCDemo.xcdatamodel */ = {isa = PBXFileReference; lastKnownFileType = wrapper.xcdatamodel; path = QCDemo.xcdatamodel; sourceTree = "<group>"; };
		CCBE61072535508C00311269 /* Assets.xcassets */ = {isa = PBXFileReference; lastKnownFileType = folder.assetcatalog; path = Assets.xcassets; sourceTree = "<group>"; };
		CCBE610A2535508C00311269 /* Base */ = {isa = PBXFileReference; lastKnownFileType = file.storyboard; name = Base; path = Base.lproj/LaunchScreen.storyboard; sourceTree = "<group>"; };
		CCBE610C2535508C00311269 /* Info.plist */ = {isa = PBXFileReference; lastKnownFileType = text.plist.xml; path = Info.plist; sourceTree = "<group>"; };
		CCBE610D2535508C00311269 /* main.m */ = {isa = PBXFileReference; lastKnownFileType = sourcecode.c.objc; path = main.m; sourceTree = "<group>"; };
		CCBE61132535508C00311269 /* QCDemoTests.xctest */ = {isa = PBXFileReference; explicitFileType = wrapper.cfbundle; includeInIndex = 0; path = QCDemoTests.xctest; sourceTree = BUILT_PRODUCTS_DIR; };
		CCBE61172535508C00311269 /* QCDemoTests.m */ = {isa = PBXFileReference; lastKnownFileType = sourcecode.c.objc; path = QCDemoTests.m; sourceTree = "<group>"; };
		CCBE61192535508C00311269 /* Info.plist */ = {isa = PBXFileReference; lastKnownFileType = text.plist.xml; path = Info.plist; sourceTree = "<group>"; };
		CCBE611E2535508C00311269 /* QCDemoUITests.xctest */ = {isa = PBXFileReference; explicitFileType = wrapper.cfbundle; includeInIndex = 0; path = QCDemoUITests.xctest; sourceTree = BUILT_PRODUCTS_DIR; };
		CCBE61222535508C00311269 /* QCDemoUITests.m */ = {isa = PBXFileReference; lastKnownFileType = sourcecode.c.objc; path = QCDemoUITests.m; sourceTree = "<group>"; };
		CCBE61242535508C00311269 /* Info.plist */ = {isa = PBXFileReference; lastKnownFileType = text.plist.xml; path = Info.plist; sourceTree = "<group>"; };
		CCBE61332535515600311269 /* QCTarBarController.h */ = {isa = PBXFileReference; fileEncoding = 4; lastKnownFileType = sourcecode.c.h; path = QCTarBarController.h; sourceTree = "<group>"; };
		CCBE61342535515600311269 /* QCTarBarController.m */ = {isa = PBXFileReference; fileEncoding = 4; lastKnownFileType = sourcecode.c.objc; path = QCTarBarController.m; sourceTree = "<group>"; };
		CCBE61362535515600311269 /* QCHeader.pch */ = {isa = PBXFileReference; fileEncoding = 4; lastKnownFileType = sourcecode.c.h; path = QCHeader.pch; sourceTree = "<group>"; };
		CCBE61382535515600311269 /* QCAFNetWorking.m */ = {isa = PBXFileReference; fileEncoding = 4; lastKnownFileType = sourcecode.c.objc; path = QCAFNetWorking.m; sourceTree = "<group>"; };
		CCBE61392535515600311269 /* QCAFNetWorking.h */ = {isa = PBXFileReference; fileEncoding = 4; lastKnownFileType = sourcecode.c.h; path = QCAFNetWorking.h; sourceTree = "<group>"; };
		CCBE613B2535515600311269 /* QCClassFunction.h */ = {isa = PBXFileReference; fileEncoding = 4; lastKnownFileType = sourcecode.c.h; path = QCClassFunction.h; sourceTree = "<group>"; };
		CCBE613C2535515600311269 /* QCClassFunction.m */ = {isa = PBXFileReference; fileEncoding = 4; lastKnownFileType = sourcecode.c.objc; path = QCClassFunction.m; sourceTree = "<group>"; };
		CCD509A025369C21002CECEF /* QCNavigationBar.h */ = {isa = PBXFileReference; fileEncoding = 4; lastKnownFileType = sourcecode.c.h; path = QCNavigationBar.h; sourceTree = "<group>"; };
		CCD509A125369C21002CECEF /* BaseNavigationController.m */ = {isa = PBXFileReference; fileEncoding = 4; lastKnownFileType = sourcecode.c.objc; path = BaseNavigationController.m; sourceTree = "<group>"; };
		CCD509A225369C21002CECEF /* BaseNavigationController.h */ = {isa = PBXFileReference; fileEncoding = 4; lastKnownFileType = sourcecode.c.h; path = BaseNavigationController.h; sourceTree = "<group>"; };
		CCD509A325369C21002CECEF /* QCNavigationBar.m */ = {isa = PBXFileReference; fileEncoding = 4; lastKnownFileType = sourcecode.c.objc; path = QCNavigationBar.m; sourceTree = "<group>"; };
		CCD509AD25369D4E002CECEF /* QCHomeViewController.h */ = {isa = PBXFileReference; lastKnownFileType = sourcecode.c.h; path = QCHomeViewController.h; sourceTree = "<group>"; };
		CCD509AE25369D4E002CECEF /* QCHomeViewController.m */ = {isa = PBXFileReference; lastKnownFileType = sourcecode.c.objc; path = QCHomeViewController.m; sourceTree = "<group>"; };
		CCD509BB2536A0DC002CECEF /* QCReleaseViewController.h */ = {isa = PBXFileReference; lastKnownFileType = sourcecode.c.h; path = QCReleaseViewController.h; sourceTree = "<group>"; };
		CCD509BC2536A0DC002CECEF /* QCReleaseViewController.m */ = {isa = PBXFileReference; lastKnownFileType = sourcecode.c.objc; path = QCReleaseViewController.m; sourceTree = "<group>"; };
		CCD509C52536A191002CECEF /* QCMessageViewController.h */ = {isa = PBXFileReference; lastKnownFileType = sourcecode.c.h; path = QCMessageViewController.h; sourceTree = "<group>"; };
		CCD509C62536A191002CECEF /* QCMessageViewController.m */ = {isa = PBXFileReference; lastKnownFileType = sourcecode.c.objc; path = QCMessageViewController.m; sourceTree = "<group>"; };
		CCD509CE2536A19E002CECEF /* QCBookViewController.h */ = {isa = PBXFileReference; lastKnownFileType = sourcecode.c.h; path = QCBookViewController.h; sourceTree = "<group>"; };
		CCD509CF2536A19E002CECEF /* QCBookViewController.m */ = {isa = PBXFileReference; lastKnownFileType = sourcecode.c.objc; path = QCBookViewController.m; sourceTree = "<group>"; };
		CCD509D42536A1B3002CECEF /* QCPersonViewController.h */ = {isa = PBXFileReference; lastKnownFileType = sourcecode.c.h; path = QCPersonViewController.h; sourceTree = "<group>"; };
		CCD509D52536A1B3002CECEF /* QCPersonViewController.m */ = {isa = PBXFileReference; lastKnownFileType = sourcecode.c.objc; path = QCPersonViewController.m; sourceTree = "<group>"; };
/* End PBXFileReference section */

/* Begin PBXFrameworksBuildPhase section */
		CCBE60F22535508A00311269 /* Frameworks */ = {
			isa = PBXFrameworksBuildPhase;
			buildActionMask = 2147483647;
			files = (
				CC4E13282536D1DF00337586 /* CoreGraphics.framework in Frameworks */,
				CC4E13352536D26A00337586 /* libz.tbd in Frameworks */,
				CC4E132C2536D23E00337586 /* SystemConfiguration.framework in Frameworks */,
				CC4E132F2536D24D00337586 /* libsqlite3.tbd in Frameworks */,
				CC4E132A2536D1F100337586 /* WebKit.framework in Frameworks */,
				CC4E13392536D27500337586 /* libc++.tbd in Frameworks */,
				CC4E132E2536D24400337586 /* CoreTelephony.framework in Frameworks */,
				9BBB4A086B4DFCED34000E79 /* libPods-QCDemo.a in Frameworks */,
			);
			runOnlyForDeploymentPostprocessing = 0;
		};
		CCBE61102535508C00311269 /* Frameworks */ = {
			isa = PBXFrameworksBuildPhase;
			buildActionMask = 2147483647;
			files = (
			);
			runOnlyForDeploymentPostprocessing = 0;
		};
		CCBE611B2535508C00311269 /* Frameworks */ = {
			isa = PBXFrameworksBuildPhase;
			buildActionMask = 2147483647;
			files = (
			);
			runOnlyForDeploymentPostprocessing = 0;
		};
/* End PBXFrameworksBuildPhase section */

/* Begin PBXGroup section */
		C2954123CB3DEC2E4B30F7B7 /* Frameworks */ = {
			isa = PBXGroup;
			children = (
				CC4E136E2536ED2D00337586 /* JavaScriptCore.framework */,
				CC4E13342536D25F00337586 /* libz.tbd */,
				CC4E13332536D25500337586 /* libc++.tbd */,
				CC4E132D2536D24400337586 /* CoreTelephony.framework */,
				CC4E132B2536D23E00337586 /* SystemConfiguration.framework */,
				CC4E13292536D1F100337586 /* WebKit.framework */,
				CC4E13272536D1DF00337586 /* CoreGraphics.framework */,
				CC4E13222536D1CB00337586 /* libsqlite3.tbd */,
				693145D77CF87148BA2BDB51 /* libPods-QCDemo.a */,
			);
			name = Frameworks;
			sourceTree = "<group>";
		};
		CC4E12DA2536A96500337586 /* XXPageTab */ = {
			isa = PBXGroup;
			children = (
				CC4E12DD2536A96500337586 /* XXPageTabView.h */,
				CC4E12DC2536A96500337586 /* XXPageTabView.m */,
				CC4E12DE2536A96500337586 /* XXPageTabItemLable.h */,
				CC4E12DB2536A96500337586 /* XXPageTabItemLable.m */,
			);
			path = XXPageTab;
			sourceTree = "<group>";
		};
		CC4E12E72536AB1800337586 /* QCMapInstance */ = {
			isa = PBXGroup;
			children = (
				CC4E12E82536AB1800337586 /* QCMapInstance.h */,
				CC4E12E92536AB1800337586 /* QCMapInstance.m */,
			);
			path = QCMapInstance;
			sourceTree = "<group>";
		};
		CC4E13002536C5C800337586 /* 登录 */ = {
			isa = PBXGroup;
			children = (
				CC4E13E82538511900337586 /* QCTitlesViewController */,
				CC4E13E1253850F200337586 /* QCDisableViewController */,
				CC4E13DA25384EFD00337586 /* QCBindingViewController */,
				CC4E13D325384B2900337586 /* QCPhoneLoginViewController */,
				CC4E13CC2538444000337586 /* QCAccountViewController */,
				CC4E13C525381AB200337586 /* QCCodeViewController */,
				CC4E13012536C5D800337586 /* QCLoginViewController */,
			);
			path = "登录";
			sourceTree = "<group>";
		};
		CC4E13012536C5D800337586 /* QCLoginViewController */ = {
			isa = PBXGroup;
			children = (
				CC4E13022536C5FC00337586 /* QCLoginViewController.h */,
				CC4E13032536C5FC00337586 /* QCLoginViewController.m */,
			);
			path = QCLoginViewController;
			sourceTree = "<group>";
		};
		CC4E13C525381AB200337586 /* QCCodeViewController */ = {
			isa = PBXGroup;
			children = (
				CC4E13C625381AC800337586 /* QCCodeViewController.h */,
				CC4E13C725381AC800337586 /* QCCodeViewController.m */,
			);
			path = QCCodeViewController;
			sourceTree = "<group>";
		};
		CC4E13CC2538444000337586 /* QCAccountViewController */ = {
			isa = PBXGroup;
			children = (
				CC4E13CD2538445400337586 /* QCAccountViewController.h */,
				CC4E13CE2538445400337586 /* QCAccountViewController.m */,
			);
			path = QCAccountViewController;
			sourceTree = "<group>";
		};
		CC4E13D325384B2900337586 /* QCPhoneLoginViewController */ = {
			isa = PBXGroup;
			children = (
				CC4E13D425384B3E00337586 /* QCPhoneLoginViewController.h */,
				CC4E13D525384B3E00337586 /* QCPhoneLoginViewController.m */,
			);
			path = QCPhoneLoginViewController;
			sourceTree = "<group>";
		};
		CC4E13DA25384EFD00337586 /* QCBindingViewController */ = {
			isa = PBXGroup;
			children = (
				CC4E13DB25384F2A00337586 /* QCBindingViewController.h */,
				CC4E13DC25384F2A00337586 /* QCBindingViewController.m */,
			);
			path = QCBindingViewController;
			sourceTree = "<group>";
		};
		CC4E13E1253850F200337586 /* QCDisableViewController */ = {
			isa = PBXGroup;
			children = (
				CC4E13E22538510A00337586 /* QCDisableViewController.h */,
				CC4E13E32538510A00337586 /* QCDisableViewController.m */,
			);
			path = QCDisableViewController;
			sourceTree = "<group>";
		};
		CC4E13E82538511900337586 /* QCTitlesViewController */ = {
			isa = PBXGroup;
			children = (
				CC4E13E92538513F00337586 /* QCTitlesViewController.h */,
				CC4E13EA2538513F00337586 /* QCTitlesViewController.m */,
			);
			path = QCTitlesViewController;
			sourceTree = "<group>";
		};
		CC826227253983BD001C3AD9 /* QCWalletViewController */ = {
			isa = PBXGroup;
			children = (
				CC82622825398402001C3AD9 /* QCWalletViewController.h */,
				CC82622925398402001C3AD9 /* QCWalletViewController.m */,
			);
			path = QCWalletViewController;
			sourceTree = "<group>";
		};
		CC82622E25399250001C3AD9 /* QCPaymentsViewController */ = {
			isa = PBXGroup;
			children = (
				CC82622F2539926C001C3AD9 /* QCPaymentsViewController.h */,
				CC8262302539926C001C3AD9 /* QCPaymentsViewController.m */,
				CC8262382539A190001C3AD9 /* QCPaymentsCell.h */,
				CC8262392539A190001C3AD9 /* QCPaymentsCell.m */,
			);
			path = QCPaymentsViewController;
			sourceTree = "<group>";
		};
		CC82623E253D2236001C3AD9 /* QCPaymentsDetailsViewController */ = {
			isa = PBXGroup;
			children = (
				CC82623F253D2254001C3AD9 /* QCPaymentsDetailsViewController.h */,
				CC826240253D2254001C3AD9 /* QCPaymentsDetailsViewController.m */,
			);
			path = QCPaymentsDetailsViewController;
			sourceTree = "<group>";
		};
		CC826248253D2E69001C3AD9 /* QCEnvelopeViewController */ = {
			isa = PBXGroup;
			children = (
				CC826249253D2E88001C3AD9 /* QCEnvelopeViewController.h */,
				CC82624A253D2E88001C3AD9 /* QCEnvelopeViewController.m */,
				CC826252253D348F001C3AD9 /* QCEnvelopCell.h */,
				CC826253253D348F001C3AD9 /* QCEnvelopCell.m */,
			);
			path = QCEnvelopeViewController;
			sourceTree = "<group>";
		};
		CC826258253D36CC001C3AD9 /* QCBankViewController */ = {
			isa = PBXGroup;
			children = (
				CC826259253D36E7001C3AD9 /* QCBankViewController.h */,
				CC82625A253D36E7001C3AD9 /* QCBankViewController.m */,
				CC826262253D3856001C3AD9 /* QCBankCell.h */,
				CC826263253D3856001C3AD9 /* QCBankCell.m */,
			);
			path = QCBankViewController;
			sourceTree = "<group>";
		};
		CC826268253D40FC001C3AD9 /* QCAddBankViewController */ = {
			isa = PBXGroup;
			children = (
				CC826269253D4119001C3AD9 /* QCAddBankViewController.h */,
				CC82626A253D4119001C3AD9 /* QCAddBankViewController.m */,
			);
			path = QCAddBankViewController;
			sourceTree = "<group>";
		};
		CC826272253D68C1001C3AD9 /* QCCertificationViewController */ = {
			isa = PBXGroup;
			children = (
				CC826273253D68E9001C3AD9 /* QCCertificationViewController.h */,
				CC826274253D68E9001C3AD9 /* QCCertificationViewController.m */,
			);
			path = QCCertificationViewController;
			sourceTree = "<group>";
		};
		CC826279253D718A001C3AD9 /* QCSetPasswordViewController */ = {
			isa = PBXGroup;
			children = (
				CC82627A253D71B8001C3AD9 /* QCSetPasswordViewController.h */,
				CC82627B253D71B8001C3AD9 /* QCSetPasswordViewController.m */,
			);
			path = QCSetPasswordViewController;
			sourceTree = "<group>";
		};
		CC826280253D7A54001C3AD9 /* QCCertificationPasswordViewController */ = {
			isa = PBXGroup;
			children = (
				CC826281253D7A66001C3AD9 /* QCCertificationPasswordViewController.h */,
				CC826282253D7A66001C3AD9 /* QCCertificationPasswordViewController.m */,
			);
			path = QCCertificationPasswordViewController;
			sourceTree = "<group>";
		};
		CC82628A253D82BA001C3AD9 /* QCOpenViewController */ = {
			isa = PBXGroup;
			children = (
				CC82628B253D82DA001C3AD9 /* QCOpenViewController.h */,
				CC82628C253D82DA001C3AD9 /* QCOpenViewController.m */,
			);
			path = QCOpenViewController;
			sourceTree = "<group>";
		};
		CC826294253D8987001C3AD9 /* QCRealnameViewController */ = {
			isa = PBXGroup;
			children = (
				CC826295253D89A6001C3AD9 /* QCRealnameViewController.h */,
				CC826296253D89A6001C3AD9 /* QCRealnameViewController.m */,
				CC82629C253D8C4A001C3AD9 /* QCRealnamedViewController.h */,
				CC82629D253D8C4A001C3AD9 /* QCRealnamedViewController.m */,
			);
			path = QCRealnameViewController;
			sourceTree = "<group>";
		};
		CC8262B1253E9118001C3AD9 /* QCFunctionViewController */ = {
			isa = PBXGroup;
			children = (
				CC8262B2253E9131001C3AD9 /* QCFunctionViewController.h */,
				CC8262B3253E9131001C3AD9 /* QCFunctionViewController.m */,
				CC8262B8253E951A001C3AD9 /* QCFunctionCell.h */,
				CC8262B9253E951A001C3AD9 /* QCFunctionCell.m */,
			);
			path = QCFunctionViewController;
			sourceTree = "<group>";
		};
		CC8262BE253EB8EA001C3AD9 /* QCAddFriendsViewController */ = {
			isa = PBXGroup;
			children = (
				CC8262BF253EB90D001C3AD9 /* QCAddFriendsViewController.h */,
				CC8262C0253EB90D001C3AD9 /* QCAddFriendsViewController.m */,
			);
			path = QCAddFriendsViewController;
			sourceTree = "<group>";
		};
		CC8262C5253ED4FB001C3AD9 /* QCGroupViewController */ = {
			isa = PBXGroup;
			children = (
				CC8262C6253ED511001C3AD9 /* QCGroupViewController.h */,
				CC8262C7253ED511001C3AD9 /* QCGroupViewController.m */,
				CC8262CF253ED832001C3AD9 /* QCGroupCell.h */,
				CC8262D0253ED832001C3AD9 /* QCGroupCell.m */,
			);
			path = QCGroupViewController;
			sourceTree = "<group>";
		};
		CC8262D5253EE10D001C3AD9 /* QCChatViewController */ = {
			isa = PBXGroup;
			children = (
				CC82636F25402755001C3AD9 /* QCGroupDataViewController */,
				CC8262EA253EE4E1001C3AD9 /* QCPublicView */,
				CC8262E2253EE47F001C3AD9 /* QCSelfChatView */,
				CC8262E3253EE4A4001C3AD9 /* QCOtherChatView */,
				CC8262D6253EE129001C3AD9 /* QCChatViewController.h */,
				CC8262D7253EE129001C3AD9 /* QCChatViewController.m */,
				CC8262DC253EE151001C3AD9 /* QCChatCell.h */,
				CC8262DD253EE151001C3AD9 /* QCChatCell.m */,
			);
			path = QCChatViewController;
			sourceTree = "<group>";
		};
		CC8262E2253EE47F001C3AD9 /* QCSelfChatView */ = {
			isa = PBXGroup;
			children = (
				CC8262E4253EE4D3001C3AD9 /* QCSelfTextCell.h */,
				CC8262E5253EE4D3001C3AD9 /* QCSelfTextCell.m */,
				CC826306253EE65E001C3AD9 /* QCSelfVoiceCell.h */,
				CC826307253EE65E001C3AD9 /* QCSelfVoiceCell.m */,
				CC82630F253EE689001C3AD9 /* QCSelfPictureCell.h */,
				CC826310253EE689001C3AD9 /* QCSelfPictureCell.m */,
				CC826315253EE727001C3AD9 /* QCSelfEnvelopeCell.h */,
				CC826316253EE727001C3AD9 /* QCSelfEnvelopeCell.m */,
				CC82631B253EE74B001C3AD9 /* QCSelfCardCell.h */,
				CC82631C253EE74B001C3AD9 /* QCSelfCardCell.m */,
			);
			path = QCSelfChatView;
			sourceTree = "<group>";
		};
		CC8262E3253EE4A4001C3AD9 /* QCOtherChatView */ = {
			isa = PBXGroup;
			children = (
				CC826321253EE768001C3AD9 /* QCOtherTextCell.h */,
				CC826322253EE768001C3AD9 /* QCOtherTextCell.m */,
				CC826328253EE786001C3AD9 /* QCOtherVoiceCell.h */,
				CC826329253EE786001C3AD9 /* QCOtherVoiceCell.m */,
				CC82632E253EE79A001C3AD9 /* QCOtherPictureCell.h */,
				CC82632F253EE79A001C3AD9 /* QCOtherPictureCell.m */,
				CC826334253EE7AB001C3AD9 /* QCOtherEnvelopeCell.h */,
				CC826335253EE7AB001C3AD9 /* QCOtherEnvelopeCell.m */,
				CC82633A253EE7BE001C3AD9 /* QCOtherCardCell.h */,
				CC82633B253EE7BE001C3AD9 /* QCOtherCardCell.m */,
			);
			path = QCOtherChatView;
			sourceTree = "<group>";
		};
		CC8262EA253EE4E1001C3AD9 /* QCPublicView */ = {
			isa = PBXGroup;
			children = (
				CC8262EB253EE50A001C3AD9 /* QCTimeCell.h */,
				CC8262EC253EE50A001C3AD9 /* QCTimeCell.m */,
				CC8262F4253EE55D001C3AD9 /* QCInvitationCell.h */,
				CC8262F5253EE55D001C3AD9 /* QCInvitationCell.m */,
				CC8262FA253EE57C001C3AD9 /* QCSaveCell.h */,
				CC8262FB253EE57C001C3AD9 /* QCSaveCell.m */,
			);
			path = QCPublicView;
			sourceTree = "<group>";
		};
		CC82635D253FE856001C3AD9 /* QCWebSocket */ = {
			isa = PBXGroup;
			children = (
				CC826357253FE84B001C3AD9 /* QCWebSocket.h */,
				CC826358253FE84B001C3AD9 /* QCWebSocket.m */,
			);
			path = QCWebSocket;
			sourceTree = "<group>";
		};
		CC82636F25402755001C3AD9 /* QCGroupDataViewController */ = {
			isa = PBXGroup;
			children = (
				CC82637025402772001C3AD9 /* QCGroupDataViewController.h */,
				CC82637125402772001C3AD9 /* QCGroupDataViewController.m */,
			);
			path = QCGroupDataViewController;
			sourceTree = "<group>";
		};
		CCBE60EC2535508A00311269 = {
			isa = PBXGroup;
			children = (
				CCBE60F72535508A00311269 /* QCDemo */,
				CCBE61162535508C00311269 /* QCDemoTests */,
				CCBE61212535508C00311269 /* QCDemoUITests */,
				CCBE60F62535508A00311269 /* Products */,
				E7EE1B4417A9C97E985694A8 /* Pods */,
				C2954123CB3DEC2E4B30F7B7 /* Frameworks */,
			);
			sourceTree = "<group>";
		};
		CCBE60F62535508A00311269 /* Products */ = {
			isa = PBXGroup;
			children = (
				CCBE60F52535508A00311269 /* QCDemo.app */,
				CCBE61132535508C00311269 /* QCDemoTests.xctest */,
				CCBE611E2535508C00311269 /* QCDemoUITests.xctest */,
			);
			name = Products;
			sourceTree = "<group>";
		};
		CCBE60F72535508A00311269 /* QCDemo */ = {
			isa = PBXGroup;
			children = (
				CCBE61312535515600311269 /* QCClasses */,
				CCD5099F25369C21002CECEF /* QCNav */,
				CCBE61322535515600311269 /* QCTarBar */,
				CCBE61302535515600311269 /* QCThirdParty */,
				CCBE61352535515600311269 /* QCTools */,
				CCBE60F82535508A00311269 /* AppDelegate.h */,
				CCBE60F92535508A00311269 /* AppDelegate.m */,
				CCBE60FB2535508A00311269 /* SceneDelegate.h */,
				CCBE60FC2535508A00311269 /* SceneDelegate.m */,
				CCBE61012535508A00311269 /* Main.storyboard */,
				CCBE61072535508C00311269 /* Assets.xcassets */,
				CCBE61092535508C00311269 /* LaunchScreen.storyboard */,
				CCBE610C2535508C00311269 /* Info.plist */,
				CCBE610D2535508C00311269 /* main.m */,
				CCBE61042535508A00311269 /* QCDemo.xcdatamodeld */,
			);
			path = QCDemo;
			sourceTree = "<group>";
		};
		CCBE61162535508C00311269 /* QCDemoTests */ = {
			isa = PBXGroup;
			children = (
				CCBE61172535508C00311269 /* QCDemoTests.m */,
				CCBE61192535508C00311269 /* Info.plist */,
			);
			path = QCDemoTests;
			sourceTree = "<group>";
		};
		CCBE61212535508C00311269 /* QCDemoUITests */ = {
			isa = PBXGroup;
			children = (
				CCBE61222535508C00311269 /* QCDemoUITests.m */,
				CCBE61242535508C00311269 /* Info.plist */,
			);
			path = QCDemoUITests;
			sourceTree = "<group>";
		};
		CCBE61302535515600311269 /* QCThirdParty */ = {
			isa = PBXGroup;
			children = (
				CC4E12DA2536A96500337586 /* XXPageTab */,
			);
			path = QCThirdParty;
			sourceTree = "<group>";
		};
		CCBE61312535515600311269 /* QCClasses */ = {
			isa = PBXGroup;
			children = (
				CC4E13002536C5C800337586 /* 登录 */,
				CCD509BA2536A0A3002CECEF /* 首页 */,
				CCD509B92536A09F002CECEF /* 发布 */,
				CCD509B82536A09D002CECEF /* 消息 */,
				CCD509B72536A09A002CECEF /* 通讯录 */,
				CCD509B62536A096002CECEF /* 个人 */,
			);
			path = QCClasses;
			sourceTree = "<group>";
		};
		CCBE61322535515600311269 /* QCTarBar */ = {
			isa = PBXGroup;
			children = (
				CCBE61332535515600311269 /* QCTarBarController.h */,
				CCBE61342535515600311269 /* QCTarBarController.m */,
			);
			path = QCTarBar;
			sourceTree = "<group>";
		};
		CCBE61352535515600311269 /* QCTools */ = {
			isa = PBXGroup;
			children = (
				CC82635D253FE856001C3AD9 /* QCWebSocket */,
				CC4E135E2536E69300337586 /* QCHtmlUrlViewController.h */,
				CC4E135F2536E69300337586 /* QCHtmlUrlViewController.m */,
				CCBE61362535515600311269 /* QCHeader.pch */,
				CC4E12E72536AB1800337586 /* QCMapInstance */,
				CCBE61372535515600311269 /* QCAFNetWorking */,
				CCBE613A2535515600311269 /* QCClassFunction */,
			);
			path = QCTools;
			sourceTree = "<group>";
		};
		CCBE61372535515600311269 /* QCAFNetWorking */ = {
			isa = PBXGroup;
			children = (
				CCBE61382535515600311269 /* QCAFNetWorking.m */,
				CCBE61392535515600311269 /* QCAFNetWorking.h */,
			);
			path = QCAFNetWorking;
			sourceTree = "<group>";
		};
		CCBE613A2535515600311269 /* QCClassFunction */ = {
			isa = PBXGroup;
			children = (
				CCBE613B2535515600311269 /* QCClassFunction.h */,
				CCBE613C2535515600311269 /* QCClassFunction.m */,
			);
			path = QCClassFunction;
			sourceTree = "<group>";
		};
		CCD5099F25369C21002CECEF /* QCNav */ = {
			isa = PBXGroup;
			children = (
				CCD509A025369C21002CECEF /* QCNavigationBar.h */,
				CCD509A325369C21002CECEF /* QCNavigationBar.m */,
				CCD509A225369C21002CECEF /* BaseNavigationController.h */,
				CCD509A125369C21002CECEF /* BaseNavigationController.m */,
			);
			path = QCNav;
			sourceTree = "<group>";
		};
		CCD509AC25369D2F002CECEF /* QCHomeViewController */ = {
			isa = PBXGroup;
			children = (
				CCD509AD25369D4E002CECEF /* QCHomeViewController.h */,
				CCD509AE25369D4E002CECEF /* QCHomeViewController.m */,
			);
			path = QCHomeViewController;
			sourceTree = "<group>";
		};
		CCD509B62536A096002CECEF /* 个人 */ = {
			isa = PBXGroup;
			children = (
				CC826294253D8987001C3AD9 /* QCRealnameViewController */,
				CC82628A253D82BA001C3AD9 /* QCOpenViewController */,
				CC826280253D7A54001C3AD9 /* QCCertificationPasswordViewController */,
				CC826279253D718A001C3AD9 /* QCSetPasswordViewController */,
				CC826272253D68C1001C3AD9 /* QCCertificationViewController */,
				CC826268253D40FC001C3AD9 /* QCAddBankViewController */,
				CC826258253D36CC001C3AD9 /* QCBankViewController */,
				CC826248253D2E69001C3AD9 /* QCEnvelopeViewController */,
				CC82623E253D2236001C3AD9 /* QCPaymentsDetailsViewController */,
				CC82622E25399250001C3AD9 /* QCPaymentsViewController */,
				CC826227253983BD001C3AD9 /* QCWalletViewController */,
				CCD509C42536A15C002CECEF /* QCPersonViewController */,
			);
			path = "个人";
			sourceTree = "<group>";
		};
		CCD509B72536A09A002CECEF /* 通讯录 */ = {
			isa = PBXGroup;
			children = (
				CCD509C32536A149002CECEF /* QCBookViewController */,
			);
			path = "通讯录";
			sourceTree = "<group>";
		};
		CCD509B82536A09D002CECEF /* 消息 */ = {
			isa = PBXGroup;
			children = (
				CC8262D5253EE10D001C3AD9 /* QCChatViewController */,
				CC8262C5253ED4FB001C3AD9 /* QCGroupViewController */,
				CC8262BE253EB8EA001C3AD9 /* QCAddFriendsViewController */,
				CC8262B1253E9118001C3AD9 /* QCFunctionViewController */,
				CCD509C22536A120002CECEF /* QCMessageViewController */,
			);
			path = "消息";
			sourceTree = "<group>";
		};
		CCD509B92536A09F002CECEF /* 发布 */ = {
			isa = PBXGroup;
			children = (
				CCD509C12536A0EE002CECEF /* QCReleaseViewController */,
			);
			path = "发布";
			sourceTree = "<group>";
		};
		CCD509BA2536A0A3002CECEF /* 首页 */ = {
			isa = PBXGroup;
			children = (
				CCD509AC25369D2F002CECEF /* QCHomeViewController */,
			);
			path = "首页";
			sourceTree = "<group>";
		};
		CCD509C12536A0EE002CECEF /* QCReleaseViewController */ = {
			isa = PBXGroup;
			children = (
				CCD509BB2536A0DC002CECEF /* QCReleaseViewController.h */,
				CCD509BC2536A0DC002CECEF /* QCReleaseViewController.m */,
			);
			path = QCReleaseViewController;
			sourceTree = "<group>";
		};
		CCD509C22536A120002CECEF /* QCMessageViewController */ = {
			isa = PBXGroup;
			children = (
				CCD509C52536A191002CECEF /* QCMessageViewController.h */,
				CCD509C62536A191002CECEF /* QCMessageViewController.m */,
				CC8262AB253E8947001C3AD9 /* QCMessageCell.h */,
				CC8262AC253E8947001C3AD9 /* QCMessageCell.m */,
			);
			path = QCMessageViewController;
			sourceTree = "<group>";
		};
		CCD509C32536A149002CECEF /* QCBookViewController */ = {
			isa = PBXGroup;
			children = (
				CCD509CE2536A19E002CECEF /* QCBookViewController.h */,
				CCD509CF2536A19E002CECEF /* QCBookViewController.m */,
			);
			path = QCBookViewController;
			sourceTree = "<group>";
		};
		CCD509C42536A15C002CECEF /* QCPersonViewController */ = {
			isa = PBXGroup;
			children = (
				CCD509D42536A1B3002CECEF /* QCPersonViewController.h */,
				CCD509D52536A1B3002CECEF /* QCPersonViewController.m */,
				CC82621B25394013001C3AD9 /* QCPersonHeaderView.h */,
				CC82621C25394013001C3AD9 /* QCPersonHeaderView.m */,
				CC82622125397F49001C3AD9 /* QCPersonCell.h */,
				CC82622225397F49001C3AD9 /* QCPersonCell.m */,
			);
			path = QCPersonViewController;
			sourceTree = "<group>";
		};
		E7EE1B4417A9C97E985694A8 /* Pods */ = {
			isa = PBXGroup;
			children = (
				895FC554312154FE77B8A8BD /* Pods-QCDemo.debug.xcconfig */,
				C793F687E901964F9C932165 /* Pods-QCDemo.release.xcconfig */,
			);
			name = Pods;
			sourceTree = "<group>";
		};
/* End PBXGroup section */

/* Begin PBXNativeTarget section */
		CCBE60F42535508A00311269 /* QCDemo */ = {
			isa = PBXNativeTarget;
			buildConfigurationList = CCBE61272535508C00311269 /* Build configuration list for PBXNativeTarget "QCDemo" */;
			buildPhases = (
				380D69850ECCFF2FA9535A70 /* [CP] Check Pods Manifest.lock */,
				CCBE60F12535508A00311269 /* Sources */,
				CCBE60F22535508A00311269 /* Frameworks */,
				CCBE60F32535508A00311269 /* Resources */,
				6D119F20D1C1F5FEDBB43097 /* [CP] Copy Pods Resources */,
			);
			buildRules = (
			);
			dependencies = (
			);
			name = QCDemo;
			productName = QCDemo;
			productReference = CCBE60F52535508A00311269 /* QCDemo.app */;
			productType = "com.apple.product-type.application";
		};
		CCBE61122535508C00311269 /* QCDemoTests */ = {
			isa = PBXNativeTarget;
			buildConfigurationList = CCBE612A2535508C00311269 /* Build configuration list for PBXNativeTarget "QCDemoTests" */;
			buildPhases = (
				CCBE610F2535508C00311269 /* Sources */,
				CCBE61102535508C00311269 /* Frameworks */,
				CCBE61112535508C00311269 /* Resources */,
			);
			buildRules = (
			);
			dependencies = (
				CCBE61152535508C00311269 /* PBXTargetDependency */,
			);
			name = QCDemoTests;
			productName = QCDemoTests;
			productReference = CCBE61132535508C00311269 /* QCDemoTests.xctest */;
			productType = "com.apple.product-type.bundle.unit-test";
		};
		CCBE611D2535508C00311269 /* QCDemoUITests */ = {
			isa = PBXNativeTarget;
			buildConfigurationList = CCBE612D2535508C00311269 /* Build configuration list for PBXNativeTarget "QCDemoUITests" */;
			buildPhases = (
				CCBE611A2535508C00311269 /* Sources */,
				CCBE611B2535508C00311269 /* Frameworks */,
				CCBE611C2535508C00311269 /* Resources */,
			);
			buildRules = (
			);
			dependencies = (
				CCBE61202535508C00311269 /* PBXTargetDependency */,
			);
			name = QCDemoUITests;
			productName = QCDemoUITests;
			productReference = CCBE611E2535508C00311269 /* QCDemoUITests.xctest */;
			productType = "com.apple.product-type.bundle.ui-testing";
		};
/* End PBXNativeTarget section */

/* Begin PBXProject section */
		CCBE60ED2535508A00311269 /* Project object */ = {
			isa = PBXProject;
			attributes = {
				LastUpgradeCheck = 1200;
				ORGANIZATIONNAME = JQC;
				TargetAttributes = {
					CCBE60F42535508A00311269 = {
						CreatedOnToolsVersion = 11.3;
					};
					CCBE61122535508C00311269 = {
						CreatedOnToolsVersion = 11.3;
						TestTargetID = CCBE60F42535508A00311269;
					};
					CCBE611D2535508C00311269 = {
						CreatedOnToolsVersion = 11.3;
						TestTargetID = CCBE60F42535508A00311269;
					};
				};
			};
			buildConfigurationList = CCBE60F02535508A00311269 /* Build configuration list for PBXProject "QCDemo" */;
			compatibilityVersion = "Xcode 9.3";
			developmentRegion = en;
			hasScannedForEncodings = 0;
			knownRegions = (
				en,
				Base,
			);
			mainGroup = CCBE60EC2535508A00311269;
			productRefGroup = CCBE60F62535508A00311269 /* Products */;
			projectDirPath = "";
			projectRoot = "";
			targets = (
				CCBE60F42535508A00311269 /* QCDemo */,
				CCBE61122535508C00311269 /* QCDemoTests */,
				CCBE611D2535508C00311269 /* QCDemoUITests */,
			);
		};
/* End PBXProject section */

/* Begin PBXResourcesBuildPhase section */
		CCBE60F32535508A00311269 /* Resources */ = {
			isa = PBXResourcesBuildPhase;
			buildActionMask = 2147483647;
			files = (
				CCBE610B2535508C00311269 /* LaunchScreen.storyboard in Resources */,
				CCBE61082535508C00311269 /* Assets.xcassets in Resources */,
				CCBE61032535508A00311269 /* Main.storyboard in Resources */,
			);
			runOnlyForDeploymentPostprocessing = 0;
		};
		CCBE61112535508C00311269 /* Resources */ = {
			isa = PBXResourcesBuildPhase;
			buildActionMask = 2147483647;
			files = (
			);
			runOnlyForDeploymentPostprocessing = 0;
		};
		CCBE611C2535508C00311269 /* Resources */ = {
			isa = PBXResourcesBuildPhase;
			buildActionMask = 2147483647;
			files = (
			);
			runOnlyForDeploymentPostprocessing = 0;
		};
/* End PBXResourcesBuildPhase section */

/* Begin PBXShellScriptBuildPhase section */
		380D69850ECCFF2FA9535A70 /* [CP] Check Pods Manifest.lock */ = {
			isa = PBXShellScriptBuildPhase;
			buildActionMask = 2147483647;
			files = (
			);
			inputFileListPaths = (
			);
			inputPaths = (
				"${PODS_PODFILE_DIR_PATH}/Podfile.lock",
				"${PODS_ROOT}/Manifest.lock",
			);
			name = "[CP] Check Pods Manifest.lock";
			outputFileListPaths = (
			);
			outputPaths = (
				"$(DERIVED_FILE_DIR)/Pods-QCDemo-checkManifestLockResult.txt",
			);
			runOnlyForDeploymentPostprocessing = 0;
			shellPath = /bin/sh;
			shellScript = "diff \"${PODS_PODFILE_DIR_PATH}/Podfile.lock\" \"${PODS_ROOT}/Manifest.lock\" > /dev/null\nif [ $? != 0 ] ; then\n    # print error to STDERR\n    echo \"error: The sandbox is not in sync with the Podfile.lock. Run 'pod install' or update your CocoaPods installation.\" >&2\n    exit 1\nfi\n# This output is used by Xcode 'outputs' to avoid re-running this script phase.\necho \"SUCCESS\" > \"${SCRIPT_OUTPUT_FILE_0}\"\n";
			showEnvVarsInLog = 0;
		};
		6D119F20D1C1F5FEDBB43097 /* [CP] Copy Pods Resources */ = {
			isa = PBXShellScriptBuildPhase;
			buildActionMask = 2147483647;
			files = (
			);
			inputFileListPaths = (
				"${PODS_ROOT}/Target Support Files/Pods-QCDemo/Pods-QCDemo-resources-${CONFIGURATION}-input-files.xcfilelist",
			);
			name = "[CP] Copy Pods Resources";
			outputFileListPaths = (
				"${PODS_ROOT}/Target Support Files/Pods-QCDemo/Pods-QCDemo-resources-${CONFIGURATION}-output-files.xcfilelist",
			);
			runOnlyForDeploymentPostprocessing = 0;
			shellPath = /bin/sh;
			shellScript = "\"${PODS_ROOT}/Target Support Files/Pods-QCDemo/Pods-QCDemo-resources.sh\"\n";
			showEnvVarsInLog = 0;
		};
/* End PBXShellScriptBuildPhase section */

/* Begin PBXSourcesBuildPhase section */
		CCBE60F12535508A00311269 /* Sources */ = {
			isa = PBXSourcesBuildPhase;
			buildActionMask = 2147483647;
			files = (
				CC826308253EE65E001C3AD9 /* QCSelfVoiceCell.m in Sources */,
				CC82629E253D8C4A001C3AD9 /* QCRealnamedViewController.m in Sources */,
				CC8262DE253EE151001C3AD9 /* QCChatCell.m in Sources */,
				CC826359253FE84B001C3AD9 /* QCWebSocket.m in Sources */,
				CCBE610E2535508C00311269 /* main.m in Sources */,
				CCBE61062535508A00311269 /* QCDemo.xcdatamodeld in Sources */,
				CC82627C253D71B8001C3AD9 /* QCSetPasswordViewController.m in Sources */,
				CC82621D25394013001C3AD9 /* QCPersonHeaderView.m in Sources */,
				CC8262ED253EE50A001C3AD9 /* QCTimeCell.m in Sources */,
				CC82637225402772001C3AD9 /* QCGroupDataViewController.m in Sources */,
				CCD509AF25369D4E002CECEF /* QCHomeViewController.m in Sources */,
				CC826283253D7A67001C3AD9 /* QCCertificationPasswordViewController.m in Sources */,
				CC4E13D625384B3E00337586 /* QCPhoneLoginViewController.m in Sources */,
				CCBE613D2535515600311269 /* QCTarBarController.m in Sources */,
				CC8262D1253ED832001C3AD9 /* QCGroupCell.m in Sources */,
				CC82624B253D2E88001C3AD9 /* QCEnvelopeViewController.m in Sources */,
				CCBE613F2535515600311269 /* QCClassFunction.m in Sources */,
				CC82625B253D36E7001C3AD9 /* QCBankViewController.m in Sources */,
				CCD509A425369C21002CECEF /* BaseNavigationController.m in Sources */,
				CCD509D02536A19E002CECEF /* QCBookViewController.m in Sources */,
				CCBE60FA2535508A00311269 /* AppDelegate.m in Sources */,
				CC8262C8253ED511001C3AD9 /* QCGroupViewController.m in Sources */,
				CCD509A525369C21002CECEF /* QCNavigationBar.m in Sources */,
				CC4E12E02536A96500337586 /* XXPageTabView.m in Sources */,
				CC4E13E42538510A00337586 /* QCDisableViewController.m in Sources */,
				CC82631D253EE74B001C3AD9 /* QCSelfCardCell.m in Sources */,
				CC8262B4253E9131001C3AD9 /* QCFunctionViewController.m in Sources */,
				CC826311253EE689001C3AD9 /* QCSelfPictureCell.m in Sources */,
				CC8262BA253E951A001C3AD9 /* QCFunctionCell.m in Sources */,
				CC826330253EE79A001C3AD9 /* QCOtherPictureCell.m in Sources */,
				CC826317253EE727001C3AD9 /* QCSelfEnvelopeCell.m in Sources */,
				CC826275253D68EA001C3AD9 /* QCCertificationViewController.m in Sources */,
				CC4E12DF2536A96500337586 /* XXPageTabItemLable.m in Sources */,
				CC826241253D2254001C3AD9 /* QCPaymentsDetailsViewController.m in Sources */,
				CC4E13C825381AC800337586 /* QCCodeViewController.m in Sources */,
				CC8262E6253EE4D3001C3AD9 /* QCSelfTextCell.m in Sources */,
				CC8262D8253EE129001C3AD9 /* QCChatViewController.m in Sources */,
				CC4E12EA2536AB1800337586 /* QCMapInstance.m in Sources */,
				CCD509D62536A1B3002CECEF /* QCPersonViewController.m in Sources */,
				CC82626B253D4119001C3AD9 /* QCAddBankViewController.m in Sources */,
				CC826254253D348F001C3AD9 /* QCEnvelopCell.m in Sources */,
				CC4E13602536E69400337586 /* QCHtmlUrlViewController.m in Sources */,
				CCD509C72536A191002CECEF /* QCMessageViewController.m in Sources */,
				CC82622A25398402001C3AD9 /* QCWalletViewController.m in Sources */,
				CCBE613E2535515600311269 /* QCAFNetWorking.m in Sources */,
				CC8262AD253E8947001C3AD9 /* QCMessageCell.m in Sources */,
				CC826264253D3856001C3AD9 /* QCBankCell.m in Sources */,
				CC82628D253D82DA001C3AD9 /* QCOpenViewController.m in Sources */,
				CC82633C253EE7BE001C3AD9 /* QCOtherCardCell.m in Sources */,
				CC82632A253EE786001C3AD9 /* QCOtherVoiceCell.m in Sources */,
				CC4E13CF2538445400337586 /* QCAccountViewController.m in Sources */,
				CC8262C1253EB90D001C3AD9 /* QCAddFriendsViewController.m in Sources */,
				CC8262312539926C001C3AD9 /* QCPaymentsViewController.m in Sources */,
				CC826336253EE7AB001C3AD9 /* QCOtherEnvelopeCell.m in Sources */,
				CCD509BD2536A0DC002CECEF /* QCReleaseViewController.m in Sources */,
				CC4E13DD25384F2A00337586 /* QCBindingViewController.m in Sources */,
				CC826323253EE768001C3AD9 /* QCOtherTextCell.m in Sources */,
				CC4E13042536C5FC00337586 /* QCLoginViewController.m in Sources */,
				CC826297253D89A6001C3AD9 /* QCRealnameViewController.m in Sources */,
				CC82623A2539A190001C3AD9 /* QCPaymentsCell.m in Sources */,
				CCBE60FD2535508A00311269 /* SceneDelegate.m in Sources */,
				CC8262FC253EE57C001C3AD9 /* QCSaveCell.m in Sources */,
				CC4E13EB2538513F00337586 /* QCTitlesViewController.m in Sources */,
				CC82622325397F49001C3AD9 /* QCPersonCell.m in Sources */,
				CC8262F6253EE55D001C3AD9 /* QCInvitationCell.m in Sources */,
			);
			runOnlyForDeploymentPostprocessing = 0;
		};
		CCBE610F2535508C00311269 /* Sources */ = {
			isa = PBXSourcesBuildPhase;
			buildActionMask = 2147483647;
			files = (
				CCBE61182535508C00311269 /* QCDemoTests.m in Sources */,
			);
			runOnlyForDeploymentPostprocessing = 0;
		};
		CCBE611A2535508C00311269 /* Sources */ = {
			isa = PBXSourcesBuildPhase;
			buildActionMask = 2147483647;
			files = (
				CCBE61232535508C00311269 /* QCDemoUITests.m in Sources */,
			);
			runOnlyForDeploymentPostprocessing = 0;
		};
/* End PBXSourcesBuildPhase section */

/* Begin PBXTargetDependency section */
		CCBE61152535508C00311269 /* PBXTargetDependency */ = {
			isa = PBXTargetDependency;
			target = CCBE60F42535508A00311269 /* QCDemo */;
			targetProxy = CCBE61142535508C00311269 /* PBXContainerItemProxy */;
		};
		CCBE61202535508C00311269 /* PBXTargetDependency */ = {
			isa = PBXTargetDependency;
			target = CCBE60F42535508A00311269 /* QCDemo */;
			targetProxy = CCBE611F2535508C00311269 /* PBXContainerItemProxy */;
		};
/* End PBXTargetDependency section */

/* Begin PBXVariantGroup section */
		CCBE61012535508A00311269 /* Main.storyboard */ = {
			isa = PBXVariantGroup;
			children = (
				CCBE61022535508A00311269 /* Base */,
			);
			name = Main.storyboard;
			sourceTree = "<group>";
		};
		CCBE61092535508C00311269 /* LaunchScreen.storyboard */ = {
			isa = PBXVariantGroup;
			children = (
				CCBE610A2535508C00311269 /* Base */,
			);
			name = LaunchScreen.storyboard;
			sourceTree = "<group>";
		};
/* End PBXVariantGroup section */

/* Begin XCBuildConfiguration section */
		CCBE61252535508C00311269 /* Debug */ = {
			isa = XCBuildConfiguration;
			buildSettings = {
				ALWAYS_SEARCH_USER_PATHS = NO;
				CLANG_ANALYZER_NONNULL = YES;
				CLANG_ANALYZER_NUMBER_OBJECT_CONVERSION = YES_AGGRESSIVE;
				CLANG_CXX_LANGUAGE_STANDARD = "gnu++14";
				CLANG_CXX_LIBRARY = "libc++";
				CLANG_ENABLE_MODULES = YES;
				CLANG_ENABLE_OBJC_ARC = YES;
				CLANG_ENABLE_OBJC_WEAK = YES;
				CLANG_WARN_BLOCK_CAPTURE_AUTORELEASING = YES;
				CLANG_WARN_BOOL_CONVERSION = YES;
				CLANG_WARN_COMMA = YES;
				CLANG_WARN_CONSTANT_CONVERSION = YES;
				CLANG_WARN_DEPRECATED_OBJC_IMPLEMENTATIONS = YES;
				CLANG_WARN_DIRECT_OBJC_ISA_USAGE = YES_ERROR;
				CLANG_WARN_DOCUMENTATION_COMMENTS = YES;
				CLANG_WARN_EMPTY_BODY = YES;
				CLANG_WARN_ENUM_CONVERSION = YES;
				CLANG_WARN_INFINITE_RECURSION = YES;
				CLANG_WARN_INT_CONVERSION = YES;
				CLANG_WARN_NON_LITERAL_NULL_CONVERSION = YES;
				CLANG_WARN_OBJC_IMPLICIT_RETAIN_SELF = YES;
				CLANG_WARN_OBJC_LITERAL_CONVERSION = YES;
				CLANG_WARN_OBJC_ROOT_CLASS = YES_ERROR;
				CLANG_WARN_QUOTED_INCLUDE_IN_FRAMEWORK_HEADER = YES;
				CLANG_WARN_RANGE_LOOP_ANALYSIS = YES;
				CLANG_WARN_STRICT_PROTOTYPES = YES;
				CLANG_WARN_SUSPICIOUS_MOVE = YES;
				CLANG_WARN_UNGUARDED_AVAILABILITY = YES_AGGRESSIVE;
				CLANG_WARN_UNREACHABLE_CODE = YES;
				CLANG_WARN__DUPLICATE_METHOD_MATCH = YES;
				COPY_PHASE_STRIP = NO;
				DEBUG_INFORMATION_FORMAT = dwarf;
				ENABLE_STRICT_OBJC_MSGSEND = YES;
				ENABLE_TESTABILITY = YES;
				GCC_C_LANGUAGE_STANDARD = gnu11;
				GCC_DYNAMIC_NO_PIC = NO;
				GCC_NO_COMMON_BLOCKS = YES;
				GCC_OPTIMIZATION_LEVEL = 0;
				GCC_PREFIX_HEADER = "$(SRCROOT)/QCDemo/QCTools/QCHeader.pch";
				GCC_PREPROCESSOR_DEFINITIONS = (
					"DEBUG=1",
					"$(inherited)",
				);
				GCC_WARN_64_TO_32_BIT_CONVERSION = YES;
				GCC_WARN_ABOUT_RETURN_TYPE = YES_ERROR;
				GCC_WARN_UNDECLARED_SELECTOR = YES;
				GCC_WARN_UNINITIALIZED_AUTOS = YES_AGGRESSIVE;
				GCC_WARN_UNUSED_FUNCTION = YES;
				GCC_WARN_UNUSED_VARIABLE = YES;
				IPHONEOS_DEPLOYMENT_TARGET = 9.0;
				MTL_ENABLE_DEBUG_INFO = INCLUDE_SOURCE;
				MTL_FAST_MATH = YES;
				ONLY_ACTIVE_ARCH = YES;
				SDKROOT = iphoneos;
			};
			name = Debug;
		};
		CCBE61262535508C00311269 /* Release */ = {
			isa = XCBuildConfiguration;
			buildSettings = {
				ALWAYS_SEARCH_USER_PATHS = NO;
				CLANG_ANALYZER_NONNULL = YES;
				CLANG_ANALYZER_NUMBER_OBJECT_CONVERSION = YES_AGGRESSIVE;
				CLANG_CXX_LANGUAGE_STANDARD = "gnu++14";
				CLANG_CXX_LIBRARY = "libc++";
				CLANG_ENABLE_MODULES = YES;
				CLANG_ENABLE_OBJC_ARC = YES;
				CLANG_ENABLE_OBJC_WEAK = YES;
				CLANG_WARN_BLOCK_CAPTURE_AUTORELEASING = YES;
				CLANG_WARN_BOOL_CONVERSION = YES;
				CLANG_WARN_COMMA = YES;
				CLANG_WARN_CONSTANT_CONVERSION = YES;
				CLANG_WARN_DEPRECATED_OBJC_IMPLEMENTATIONS = YES;
				CLANG_WARN_DIRECT_OBJC_ISA_USAGE = YES_ERROR;
				CLANG_WARN_DOCUMENTATION_COMMENTS = YES;
				CLANG_WARN_EMPTY_BODY = YES;
				CLANG_WARN_ENUM_CONVERSION = YES;
				CLANG_WARN_INFINITE_RECURSION = YES;
				CLANG_WARN_INT_CONVERSION = YES;
				CLANG_WARN_NON_LITERAL_NULL_CONVERSION = YES;
				CLANG_WARN_OBJC_IMPLICIT_RETAIN_SELF = YES;
				CLANG_WARN_OBJC_LITERAL_CONVERSION = YES;
				CLANG_WARN_OBJC_ROOT_CLASS = YES_ERROR;
				CLANG_WARN_QUOTED_INCLUDE_IN_FRAMEWORK_HEADER = YES;
				CLANG_WARN_RANGE_LOOP_ANALYSIS = YES;
				CLANG_WARN_STRICT_PROTOTYPES = YES;
				CLANG_WARN_SUSPICIOUS_MOVE = YES;
				CLANG_WARN_UNGUARDED_AVAILABILITY = YES_AGGRESSIVE;
				CLANG_WARN_UNREACHABLE_CODE = YES;
				CLANG_WARN__DUPLICATE_METHOD_MATCH = YES;
				COPY_PHASE_STRIP = NO;
				DEBUG_INFORMATION_FORMAT = "dwarf-with-dsym";
				ENABLE_NS_ASSERTIONS = NO;
				ENABLE_STRICT_OBJC_MSGSEND = YES;
				GCC_C_LANGUAGE_STANDARD = gnu11;
				GCC_NO_COMMON_BLOCKS = YES;
				GCC_PREFIX_HEADER = "$(SRCROOT)/QCDemo/QCTools/QCHeader.pch";
				GCC_WARN_64_TO_32_BIT_CONVERSION = YES;
				GCC_WARN_ABOUT_RETURN_TYPE = YES_ERROR;
				GCC_WARN_UNDECLARED_SELECTOR = YES;
				GCC_WARN_UNINITIALIZED_AUTOS = YES_AGGRESSIVE;
				GCC_WARN_UNUSED_FUNCTION = YES;
				GCC_WARN_UNUSED_VARIABLE = YES;
				IPHONEOS_DEPLOYMENT_TARGET = 9.0;
				MTL_ENABLE_DEBUG_INFO = NO;
				MTL_FAST_MATH = YES;
				SDKROOT = iphoneos;
				VALIDATE_PRODUCT = YES;
			};
			name = Release;
		};
		CCBE61282535508C00311269 /* Debug */ = {
			isa = XCBuildConfiguration;
			baseConfigurationReference = 895FC554312154FE77B8A8BD /* Pods-QCDemo.debug.xcconfig */;
			buildSettings = {
				ASSETCATALOG_COMPILER_APPICON_NAME = AppIcon;
				CODE_SIGN_STYLE = Automatic;
				DEVELOPMENT_TEAM = CK54N84G6B;
				ENABLE_BITCODE = NO;
				INFOPLIST_FILE = QCDemo/Info.plist;
				IPHONEOS_DEPLOYMENT_TARGET = 9.0;
				LD_RUNPATH_SEARCH_PATHS = (
					"$(inherited)",
					"@executable_path/Frameworks",
				);
				PRODUCT_BUNDLE_IDENTIFIER = com.chat.xdd;
				PRODUCT_NAME = "$(TARGET_NAME)";
				TARGETED_DEVICE_FAMILY = "1,2";
			};
			name = Debug;
		};
		CCBE61292535508C00311269 /* Release */ = {
			isa = XCBuildConfiguration;
			baseConfigurationReference = C793F687E901964F9C932165 /* Pods-QCDemo.release.xcconfig */;
			buildSettings = {
				ASSETCATALOG_COMPILER_APPICON_NAME = AppIcon;
				CODE_SIGN_STYLE = Automatic;
				DEVELOPMENT_TEAM = CK54N84G6B;
				ENABLE_BITCODE = NO;
				INFOPLIST_FILE = QCDemo/Info.plist;
				IPHONEOS_DEPLOYMENT_TARGET = 9.0;
				LD_RUNPATH_SEARCH_PATHS = (
					"$(inherited)",
					"@executable_path/Frameworks",
				);
				PRODUCT_BUNDLE_IDENTIFIER = com.chat.xdd;
				PRODUCT_NAME = "$(TARGET_NAME)";
				TARGETED_DEVICE_FAMILY = "1,2";
			};
			name = Release;
		};
		CCBE612B2535508C00311269 /* Debug */ = {
			isa = XCBuildConfiguration;
			buildSettings = {
				BUNDLE_LOADER = "$(TEST_HOST)";
				CODE_SIGN_STYLE = Automatic;
				INFOPLIST_FILE = QCDemoTests/Info.plist;
				IPHONEOS_DEPLOYMENT_TARGET = 13.2;
				LD_RUNPATH_SEARCH_PATHS = (
					"$(inherited)",
					"@executable_path/Frameworks",
					"@loader_path/Frameworks",
				);
				PRODUCT_BUNDLE_IDENTIFIER = www.jqc.com.QCDemoTests;
				PRODUCT_NAME = "$(TARGET_NAME)";
				TARGETED_DEVICE_FAMILY = "1,2";
				TEST_HOST = "$(BUILT_PRODUCTS_DIR)/QCDemo.app/QCDemo";
			};
			name = Debug;
		};
		CCBE612C2535508C00311269 /* Release */ = {
			isa = XCBuildConfiguration;
			buildSettings = {
				BUNDLE_LOADER = "$(TEST_HOST)";
				CODE_SIGN_STYLE = Automatic;
				INFOPLIST_FILE = QCDemoTests/Info.plist;
				IPHONEOS_DEPLOYMENT_TARGET = 13.2;
				LD_RUNPATH_SEARCH_PATHS = (
					"$(inherited)",
					"@executable_path/Frameworks",
					"@loader_path/Frameworks",
				);
				PRODUCT_BUNDLE_IDENTIFIER = www.jqc.com.QCDemoTests;
				PRODUCT_NAME = "$(TARGET_NAME)";
				TARGETED_DEVICE_FAMILY = "1,2";
				TEST_HOST = "$(BUILT_PRODUCTS_DIR)/QCDemo.app/QCDemo";
			};
			name = Release;
		};
		CCBE612E2535508C00311269 /* Debug */ = {
			isa = XCBuildConfiguration;
			buildSettings = {
				CODE_SIGN_STYLE = Automatic;
				INFOPLIST_FILE = QCDemoUITests/Info.plist;
				LD_RUNPATH_SEARCH_PATHS = (
					"$(inherited)",
					"@executable_path/Frameworks",
					"@loader_path/Frameworks",
				);
				PRODUCT_BUNDLE_IDENTIFIER = www.jqc.com.QCDemoUITests;
				PRODUCT_NAME = "$(TARGET_NAME)";
				TARGETED_DEVICE_FAMILY = "1,2";
				TEST_TARGET_NAME = QCDemo;
			};
			name = Debug;
		};
		CCBE612F2535508C00311269 /* Release */ = {
			isa = XCBuildConfiguration;
			buildSettings = {
				CODE_SIGN_STYLE = Automatic;
				INFOPLIST_FILE = QCDemoUITests/Info.plist;
				LD_RUNPATH_SEARCH_PATHS = (
					"$(inherited)",
					"@executable_path/Frameworks",
					"@loader_path/Frameworks",
				);
				PRODUCT_BUNDLE_IDENTIFIER = www.jqc.com.QCDemoUITests;
				PRODUCT_NAME = "$(TARGET_NAME)";
				TARGETED_DEVICE_FAMILY = "1,2";
				TEST_TARGET_NAME = QCDemo;
			};
			name = Release;
		};
/* End XCBuildConfiguration section */

/* Begin XCConfigurationList section */
		CCBE60F02535508A00311269 /* Build configuration list for PBXProject "QCDemo" */ = {
			isa = XCConfigurationList;
			buildConfigurations = (
				CCBE61252535508C00311269 /* Debug */,
				CCBE61262535508C00311269 /* Release */,
			);
			defaultConfigurationIsVisible = 0;
			defaultConfigurationName = Release;
		};
		CCBE61272535508C00311269 /* Build configuration list for PBXNativeTarget "QCDemo" */ = {
			isa = XCConfigurationList;
			buildConfigurations = (
				CCBE61282535508C00311269 /* Debug */,
				CCBE61292535508C00311269 /* Release */,
			);
			defaultConfigurationIsVisible = 0;
			defaultConfigurationName = Release;
		};
		CCBE612A2535508C00311269 /* Build configuration list for PBXNativeTarget "QCDemoTests" */ = {
			isa = XCConfigurationList;
			buildConfigurations = (
				CCBE612B2535508C00311269 /* Debug */,
				CCBE612C2535508C00311269 /* Release */,
			);
			defaultConfigurationIsVisible = 0;
			defaultConfigurationName = Release;
		};
		CCBE612D2535508C00311269 /* Build configuration list for PBXNativeTarget "QCDemoUITests" */ = {
			isa = XCConfigurationList;
			buildConfigurations = (
				CCBE612E2535508C00311269 /* Debug */,
				CCBE612F2535508C00311269 /* Release */,
			);
			defaultConfigurationIsVisible = 0;
			defaultConfigurationName = Release;
		};
/* End XCConfigurationList section */

/* Begin XCVersionGroup section */
		CCBE61042535508A00311269 /* QCDemo.xcdatamodeld */ = {
			isa = XCVersionGroup;
			children = (
				CCBE61052535508A00311269 /* QCDemo.xcdatamodel */,
			);
			currentVersion = CCBE61052535508A00311269 /* QCDemo.xcdatamodel */;
			path = QCDemo.xcdatamodeld;
			sourceTree = "<group>";
			versionGroupType = wrapper.xcdatamodel;
		};
/* End XCVersionGroup section */
	};
	rootObject = CCBE60ED2535508A00311269 /* Project object */;
}
